// !$*UTF8*$!
{
	archiveVersion = 1;
	classes = {
	};
	objectVersion = 56;
	objects = {

/* Begin PBXBuildFile section */
		2B03B9782C95FE1200DF48C1 /* MessageBubble.swift in Sources */ = {isa = PBXBuildFile; fileRef = 2B03B9772C95FE1200DF48C1 /* MessageBubble.swift */; };
		2B03B97A2C95FE7300DF48C1 /* Message.swift in Sources */ = {isa = PBXBuildFile; fileRef = 2B03B9792C95FE7300DF48C1 /* Message.swift */; };
		2B03B97E2C971D1A00DF48C1 /* MessageField.swift in Sources */ = {isa = PBXBuildFile; fileRef = 2B03B97D2C971D1A00DF48C1 /* MessageField.swift */; };
		2B03B9822C99ABDF00DF48C1 /* TabViewButton.swift in Sources */ = {isa = PBXBuildFile; fileRef = 2B03B9812C99ABDF00DF48C1 /* TabViewButton.swift */; };
		2B08DC802C77D263003F49D0 /* CargoDetailsView.swift in Sources */ = {isa = PBXBuildFile; fileRef = 2B08DC7F2C77D263003F49D0 /* CargoDetailsView.swift */; };
		2B0C50102CA43CDA003FEFE3 /* Employer.swift in Sources */ = {isa = PBXBuildFile; fileRef = 2B0C500F2CA43CDA003FEFE3 /* Employer.swift */; };
		2B0C50122CA4BAA0003FEFE3 /* UserDataRow.swift in Sources */ = {isa = PBXBuildFile; fileRef = 2B0C50112CA4BAA0003FEFE3 /* UserDataRow.swift */; };
		2B0C50142CA5E71A003FEFE3 /* ChatManager.swift in Sources */ = {isa = PBXBuildFile; fileRef = 2B0C50132CA5E71A003FEFE3 /* ChatManager.swift */; };
		2B0C50162CA6008C003FEFE3 /* Chat.swift in Sources */ = {isa = PBXBuildFile; fileRef = 2B0C50152CA6008C003FEFE3 /* Chat.swift */; };
		2B6AABB42C7FC12D006B968A /* SectionHeader.swift in Sources */ = {isa = PBXBuildFile; fileRef = 2B6AABB32C7FC12D006B968A /* SectionHeader.swift */; };
		2B6AABBA2C84D822006B968A /* Cargo.swift in Sources */ = {isa = PBXBuildFile; fileRef = 2B6AABB92C84D822006B968A /* Cargo.swift */; };
		2B6AABBC2C84D8A9006B968A /* Point.swift in Sources */ = {isa = PBXBuildFile; fileRef = 2B6AABBB2C84D8A9006B968A /* Point.swift */; };
		2B6AABBE2C864A18006B968A /* ButtonStyle.swift in Sources */ = {isa = PBXBuildFile; fileRef = 2B6AABBD2C864A18006B968A /* ButtonStyle.swift */; };
		2B6AABC02C875A84006B968A /* MapView.swift in Sources */ = {isa = PBXBuildFile; fileRef = 2B6AABBF2C875A84006B968A /* MapView.swift */; };
		2B6AABC52C8B4423006B968A /* CargoDocumentsView.swift in Sources */ = {isa = PBXBuildFile; fileRef = 2B6AABC42C8B4423006B968A /* CargoDocumentsView.swift */; };
		2B74F3A02C73DD5100C8B0CD /* CargoCell.swift in Sources */ = {isa = PBXBuildFile; fileRef = 2B74F39F2C73DD5100C8B0CD /* CargoCell.swift */; };
		2B7C3AE02CACA4D700C62BC3 /* CargoListViewModel.swift in Sources */ = {isa = PBXBuildFile; fileRef = 2B7C3ADF2CACA4D700C62BC3 /* CargoListViewModel.swift */; };
		2B7C3AE22CACA9BA00C62BC3 /* CargoViewModel.swift in Sources */ = {isa = PBXBuildFile; fileRef = 2B7C3AE12CACA9BA00C62BC3 /* CargoViewModel.swift */; };
		2B7C3AE42CACB42300C62BC3 /* MapViewModel.swift in Sources */ = {isa = PBXBuildFile; fileRef = 2B7C3AE32CACB42300C62BC3 /* MapViewModel.swift */; };
		2BA0FBA52C4A8DDF00FE6368 /* LogifyApp.swift in Sources */ = {isa = PBXBuildFile; fileRef = 2BA0FBA42C4A8DDF00FE6368 /* LogifyApp.swift */; };
		2BA0FBA72C4A8DDF00FE6368 /* ContentView.swift in Sources */ = {isa = PBXBuildFile; fileRef = 2BA0FBA62C4A8DDF00FE6368 /* ContentView.swift */; };
		2BA0FBA92C4A8DE100FE6368 /* Assets.xcassets in Resources */ = {isa = PBXBuildFile; fileRef = 2BA0FBA82C4A8DE100FE6368 /* Assets.xcassets */; };
		2BA0FBAC2C4A8DE100FE6368 /* Preview Assets.xcassets in Resources */ = {isa = PBXBuildFile; fileRef = 2BA0FBAB2C4A8DE100FE6368 /* Preview Assets.xcassets */; };
		2BAFED052C526A900041AF88 /* User.swift in Sources */ = {isa = PBXBuildFile; fileRef = 2BAFED042C526A900041AF88 /* User.swift */; };
		2BAFED072C526E360041AF88 /* DriverProfileView.swift in Sources */ = {isa = PBXBuildFile; fileRef = 2BAFED062C526E360041AF88 /* DriverProfileView.swift */; };
		2BAFED092C526E5E0041AF88 /* DriverCargoListView.swift in Sources */ = {isa = PBXBuildFile; fileRef = 2BAFED082C526E5E0041AF88 /* DriverCargoListView.swift */; };
		2BAFED0B2C526E760041AF88 /* DriverChatView.swift in Sources */ = {isa = PBXBuildFile; fileRef = 2BAFED0A2C526E760041AF88 /* DriverChatView.swift */; };
		2BAFED142C52D69D0041AF88 /* CustomTabView.swift in Sources */ = {isa = PBXBuildFile; fileRef = 2BAFED132C52D69D0041AF88 /* CustomTabView.swift */; };
		2BAFED182C54F8640041AF88 /* RequestEmployerRow.swift in Sources */ = {isa = PBXBuildFile; fileRef = 2BAFED172C54F8640041AF88 /* RequestEmployerRow.swift */; };
		2BAFED1A2C555E880041AF88 /* Driver.swift in Sources */ = {isa = PBXBuildFile; fileRef = 2BAFED192C555E880041AF88 /* Driver.swift */; };
		2BAFED1C2C55619D0041AF88 /* DriverManager.swift in Sources */ = {isa = PBXBuildFile; fileRef = 2BAFED1B2C55619D0041AF88 /* DriverManager.swift */; };
		2BAFED202C556D710041AF88 /* DriverEmployerView.swift in Sources */ = {isa = PBXBuildFile; fileRef = 2BAFED1F2C556D710041AF88 /* DriverEmployerView.swift */; };
/* End PBXBuildFile section */

/* Begin PBXFileReference section */
		2B03B9772C95FE1200DF48C1 /* MessageBubble.swift */ = {isa = PBXFileReference; lastKnownFileType = sourcecode.swift; path = MessageBubble.swift; sourceTree = "<group>"; };
		2B03B9792C95FE7300DF48C1 /* Message.swift */ = {isa = PBXFileReference; lastKnownFileType = sourcecode.swift; path = Message.swift; sourceTree = "<group>"; };
		2B03B97D2C971D1A00DF48C1 /* MessageField.swift */ = {isa = PBXFileReference; lastKnownFileType = sourcecode.swift; path = MessageField.swift; sourceTree = "<group>"; };
		2B03B9812C99ABDF00DF48C1 /* TabViewButton.swift */ = {isa = PBXFileReference; lastKnownFileType = sourcecode.swift; path = TabViewButton.swift; sourceTree = "<group>"; };
		2B08DC7F2C77D263003F49D0 /* CargoDetailsView.swift */ = {isa = PBXFileReference; lastKnownFileType = sourcecode.swift; path = CargoDetailsView.swift; sourceTree = "<group>"; };
		2B0C500F2CA43CDA003FEFE3 /* Employer.swift */ = {isa = PBXFileReference; lastKnownFileType = sourcecode.swift; path = Employer.swift; sourceTree = "<group>"; };
		2B0C50112CA4BAA0003FEFE3 /* UserDataRow.swift */ = {isa = PBXFileReference; lastKnownFileType = sourcecode.swift; path = UserDataRow.swift; sourceTree = "<group>"; };
		2B0C50132CA5E71A003FEFE3 /* ChatManager.swift */ = {isa = PBXFileReference; lastKnownFileType = sourcecode.swift; path = ChatManager.swift; sourceTree = "<group>"; };
		2B0C50152CA6008C003FEFE3 /* Chat.swift */ = {isa = PBXFileReference; lastKnownFileType = sourcecode.swift; path = Chat.swift; sourceTree = "<group>"; };
		2B6AABB32C7FC12D006B968A /* SectionHeader.swift */ = {isa = PBXFileReference; lastKnownFileType = sourcecode.swift; path = SectionHeader.swift; sourceTree = "<group>"; };
		2B6AABB92C84D822006B968A /* Cargo.swift */ = {isa = PBXFileReference; lastKnownFileType = sourcecode.swift; path = Cargo.swift; sourceTree = "<group>"; };
		2B6AABBB2C84D8A9006B968A /* Point.swift */ = {isa = PBXFileReference; lastKnownFileType = sourcecode.swift; path = Point.swift; sourceTree = "<group>"; };
		2B6AABBD2C864A18006B968A /* ButtonStyle.swift */ = {isa = PBXFileReference; lastKnownFileType = sourcecode.swift; path = ButtonStyle.swift; sourceTree = "<group>"; };
		2B6AABBF2C875A84006B968A /* MapView.swift */ = {isa = PBXFileReference; lastKnownFileType = sourcecode.swift; path = MapView.swift; sourceTree = "<group>"; };
		2B6AABC42C8B4423006B968A /* CargoDocumentsView.swift */ = {isa = PBXFileReference; lastKnownFileType = sourcecode.swift; path = CargoDocumentsView.swift; sourceTree = "<group>"; };
		2B74F39F2C73DD5100C8B0CD /* CargoCell.swift */ = {isa = PBXFileReference; lastKnownFileType = sourcecode.swift; path = CargoCell.swift; sourceTree = "<group>"; };
		2B7C3ADF2CACA4D700C62BC3 /* CargoListViewModel.swift */ = {isa = PBXFileReference; lastKnownFileType = sourcecode.swift; path = CargoListViewModel.swift; sourceTree = "<group>"; };
		2B7C3AE12CACA9BA00C62BC3 /* CargoViewModel.swift */ = {isa = PBXFileReference; lastKnownFileType = sourcecode.swift; path = CargoViewModel.swift; sourceTree = "<group>"; };
		2B7C3AE32CACB42300C62BC3 /* MapViewModel.swift */ = {isa = PBXFileReference; lastKnownFileType = sourcecode.swift; path = MapViewModel.swift; sourceTree = "<group>"; };
		2BA0FBA12C4A8DDF00FE6368 /* Logify.app */ = {isa = PBXFileReference; explicitFileType = wrapper.application; includeInIndex = 0; path = Logify.app; sourceTree = BUILT_PRODUCTS_DIR; };
		2BA0FBA42C4A8DDF00FE6368 /* LogifyApp.swift */ = {isa = PBXFileReference; lastKnownFileType = sourcecode.swift; path = LogifyApp.swift; sourceTree = "<group>"; };
		2BA0FBA62C4A8DDF00FE6368 /* ContentView.swift */ = {isa = PBXFileReference; lastKnownFileType = sourcecode.swift; path = ContentView.swift; sourceTree = "<group>"; };
		2BA0FBA82C4A8DE100FE6368 /* Assets.xcassets */ = {isa = PBXFileReference; lastKnownFileType = folder.assetcatalog; path = Assets.xcassets; sourceTree = "<group>"; };
		2BA0FBAB2C4A8DE100FE6368 /* Preview Assets.xcassets */ = {isa = PBXFileReference; lastKnownFileType = folder.assetcatalog; path = "Preview Assets.xcassets"; sourceTree = "<group>"; };
		2BAFED042C526A900041AF88 /* User.swift */ = {isa = PBXFileReference; lastKnownFileType = sourcecode.swift; path = User.swift; sourceTree = "<group>"; };
		2BAFED062C526E360041AF88 /* DriverProfileView.swift */ = {isa = PBXFileReference; lastKnownFileType = sourcecode.swift; path = DriverProfileView.swift; sourceTree = "<group>"; };
		2BAFED082C526E5E0041AF88 /* DriverCargoListView.swift */ = {isa = PBXFileReference; lastKnownFileType = sourcecode.swift; path = DriverCargoListView.swift; sourceTree = "<group>"; };
		2BAFED0A2C526E760041AF88 /* DriverChatView.swift */ = {isa = PBXFileReference; lastKnownFileType = sourcecode.swift; path = DriverChatView.swift; sourceTree = "<group>"; };
		2BAFED132C52D69D0041AF88 /* CustomTabView.swift */ = {isa = PBXFileReference; lastKnownFileType = sourcecode.swift; path = CustomTabView.swift; sourceTree = "<group>"; };
		2BAFED172C54F8640041AF88 /* RequestEmployerRow.swift */ = {isa = PBXFileReference; lastKnownFileType = sourcecode.swift; path = RequestEmployerRow.swift; sourceTree = "<group>"; };
		2BAFED192C555E880041AF88 /* Driver.swift */ = {isa = PBXFileReference; lastKnownFileType = sourcecode.swift; path = Driver.swift; sourceTree = "<group>"; };
		2BAFED1B2C55619D0041AF88 /* DriverManager.swift */ = {isa = PBXFileReference; lastKnownFileType = sourcecode.swift; path = DriverManager.swift; sourceTree = "<group>"; };
		2BAFED1F2C556D710041AF88 /* DriverEmployerView.swift */ = {isa = PBXFileReference; lastKnownFileType = sourcecode.swift; path = DriverEmployerView.swift; sourceTree = "<group>"; };
/* End PBXFileReference section */

/* Begin PBXFrameworksBuildPhase section */
		2BA0FB9E2C4A8DDF00FE6368 /* Frameworks */ = {
			isa = PBXFrameworksBuildPhase;
			buildActionMask = 2147483647;
			files = (
			);
			runOnlyForDeploymentPostprocessing = 0;
		};
/* End PBXFrameworksBuildPhase section */

/* Begin PBXGroup section */
		2B0C50182CA61E0A003FEFE3 /* Cargo */ = {
			isa = PBXGroup;
			children = (
				2BAFED082C526E5E0041AF88 /* DriverCargoListView.swift */,
				2B08DC7F2C77D263003F49D0 /* CargoDetailsView.swift */,
				2B6AABC42C8B4423006B968A /* CargoDocumentsView.swift */,
				2B6AABBF2C875A84006B968A /* MapView.swift */,
				2B74F39F2C73DD5100C8B0CD /* CargoCell.swift */,
			);
			path = Cargo;
			sourceTree = "<group>";
		};
		2B0C50192CA61E13003FEFE3 /* Profile */ = {
			isa = PBXGroup;
			children = (
				2BAFED062C526E360041AF88 /* DriverProfileView.swift */,
				2BAFED1F2C556D710041AF88 /* DriverEmployerView.swift */,
				2BAFED172C54F8640041AF88 /* RequestEmployerRow.swift */,
				2B0C50112CA4BAA0003FEFE3 /* UserDataRow.swift */,
			);
			path = Profile;
			sourceTree = "<group>";
		};
		2B0C501A2CA61E1C003FEFE3 /* Chat */ = {
			isa = PBXGroup;
			children = (
				2BAFED0A2C526E760041AF88 /* DriverChatView.swift */,
				2B03B9772C95FE1200DF48C1 /* MessageBubble.swift */,
				2B03B97D2C971D1A00DF48C1 /* MessageField.swift */,
			);
			path = Chat;
			sourceTree = "<group>";
		};
		2B6AABC32C8A1E61006B968A /* Managers */ = {
			isa = PBXGroup;
			children = (
				2BAFED1B2C55619D0041AF88 /* DriverManager.swift */,
				2B0C50132CA5E71A003FEFE3 /* ChatManager.swift */,
			);
			path = Managers;
			sourceTree = "<group>";
		};
		2B7C3ADE2CACA4BC00C62BC3 /* ViewModels */ = {
			isa = PBXGroup;
			children = (
				2B7C3ADF2CACA4D700C62BC3 /* CargoListViewModel.swift */,
				2B7C3AE12CACA9BA00C62BC3 /* CargoViewModel.swift */,
				2B7C3AE32CACB42300C62BC3 /* MapViewModel.swift */,
			);
			path = ViewModels;
			sourceTree = "<group>";
		};
		2BA0FB982C4A8DDF00FE6368 = {
			isa = PBXGroup;
			children = (
				2BA0FBA32C4A8DDF00FE6368 /* Logify */,
				2BA0FBA22C4A8DDF00FE6368 /* Products */,
			);
			sourceTree = "<group>";
		};
		2BA0FBA22C4A8DDF00FE6368 /* Products */ = {
			isa = PBXGroup;
			children = (
				2BA0FBA12C4A8DDF00FE6368 /* Logify.app */,
			);
			name = Products;
			sourceTree = "<group>";
		};
		2BA0FBA32C4A8DDF00FE6368 /* Logify */ = {
			isa = PBXGroup;
			children = (
				2B7C3ADE2CACA4BC00C62BC3 /* ViewModels */,
				2B6AABC32C8A1E61006B968A /* Managers */,
				2BAFED0C2C526ECE0041AF88 /* Views */,
				2BAFED032C526A810041AF88 /* Models */,
				2BA0FBA42C4A8DDF00FE6368 /* LogifyApp.swift */,
				2BA0FBA62C4A8DDF00FE6368 /* ContentView.swift */,
				2BA0FBA82C4A8DE100FE6368 /* Assets.xcassets */,
				2BA0FBAA2C4A8DE100FE6368 /* Preview Content */,
			);
			path = Logify;
			sourceTree = "<group>";
		};
		2BA0FBAA2C4A8DE100FE6368 /* Preview Content */ = {
			isa = PBXGroup;
			children = (
				2BA0FBAB2C4A8DE100FE6368 /* Preview Assets.xcassets */,
			);
			path = "Preview Content";
			sourceTree = "<group>";
		};
		2BAFED032C526A810041AF88 /* Models */ = {
			isa = PBXGroup;
			children = (
				2BAFED042C526A900041AF88 /* User.swift */,
				2B03B9792C95FE7300DF48C1 /* Message.swift */,
				2B6AABB92C84D822006B968A /* Cargo.swift */,
				2B6AABBB2C84D8A9006B968A /* Point.swift */,
				2BAFED192C555E880041AF88 /* Driver.swift */,
				2B0C500F2CA43CDA003FEFE3 /* Employer.swift */,
				2B0C50152CA6008C003FEFE3 /* Chat.swift */,
			);
			path = Models;
			sourceTree = "<group>";
		};
		2BAFED0C2C526ECE0041AF88 /* Views */ = {
			isa = PBXGroup;
			children = (
				2B0C50182CA61E0A003FEFE3 /* Cargo */,
				2B0C50192CA61E13003FEFE3 /* Profile */,
				2B0C501A2CA61E1C003FEFE3 /* Chat */,
				2BAFED0D2C526EDE0041AF88 /* Components */,
			);
			path = Views;
			sourceTree = "<group>";
		};
		2BAFED0D2C526EDE0041AF88 /* Components */ = {
			isa = PBXGroup;
			children = (
				2BAFED132C52D69D0041AF88 /* CustomTabView.swift */,
				2B03B9812C99ABDF00DF48C1 /* TabViewButton.swift */,
				2B6AABB32C7FC12D006B968A /* SectionHeader.swift */,
				2B6AABBD2C864A18006B968A /* ButtonStyle.swift */,
			);
			path = Components;
			sourceTree = "<group>";
		};
/* End PBXGroup section */

/* Begin PBXNativeTarget section */
		2BA0FBA02C4A8DDF00FE6368 /* Logify */ = {
			isa = PBXNativeTarget;
			buildConfigurationList = 2BA0FBAF2C4A8DE100FE6368 /* Build configuration list for PBXNativeTarget "Logify" */;
			buildPhases = (
				2BA0FB9D2C4A8DDF00FE6368 /* Sources */,
				2BA0FB9E2C4A8DDF00FE6368 /* Frameworks */,
				2BA0FB9F2C4A8DDF00FE6368 /* Resources */,
			);
			buildRules = (
			);
			dependencies = (
			);
			name = Logify;
			productName = Logify;
			productReference = 2BA0FBA12C4A8DDF00FE6368 /* Logify.app */;
			productType = "com.apple.product-type.application";
		};
/* End PBXNativeTarget section */

/* Begin PBXProject section */
		2BA0FB992C4A8DDF00FE6368 /* Project object */ = {
			isa = PBXProject;
			attributes = {
				BuildIndependentTargetsInParallel = 1;
				LastSwiftUpdateCheck = 1540;
				LastUpgradeCheck = 1540;
				TargetAttributes = {
					2BA0FBA02C4A8DDF00FE6368 = {
						CreatedOnToolsVersion = 15.4;
					};
				};
			};
			buildConfigurationList = 2BA0FB9C2C4A8DDF00FE6368 /* Build configuration list for PBXProject "Logify" */;
			compatibilityVersion = "Xcode 14.0";
			developmentRegion = en;
			hasScannedForEncodings = 0;
			knownRegions = (
				en,
				Base,
			);
			mainGroup = 2BA0FB982C4A8DDF00FE6368;
			productRefGroup = 2BA0FBA22C4A8DDF00FE6368 /* Products */;
			projectDirPath = "";
			projectRoot = "";
			targets = (
				2BA0FBA02C4A8DDF00FE6368 /* Logify */,
			);
		};
/* End PBXProject section */

/* Begin PBXResourcesBuildPhase section */
		2BA0FB9F2C4A8DDF00FE6368 /* Resources */ = {
			isa = PBXResourcesBuildPhase;
			buildActionMask = 2147483647;
			files = (
				2BA0FBAC2C4A8DE100FE6368 /* Preview Assets.xcassets in Resources */,
				2BA0FBA92C4A8DE100FE6368 /* Assets.xcassets in Resources */,
			);
			runOnlyForDeploymentPostprocessing = 0;
		};
/* End PBXResourcesBuildPhase section */

/* Begin PBXSourcesBuildPhase section */
		2BA0FB9D2C4A8DDF00FE6368 /* Sources */ = {
			isa = PBXSourcesBuildPhase;
			buildActionMask = 2147483647;
			files = (
				2B7C3AE42CACB42300C62BC3 /* MapViewModel.swift in Sources */,
				2BA0FBA72C4A8DDF00FE6368 /* ContentView.swift in Sources */,
				2B0C50122CA4BAA0003FEFE3 /* UserDataRow.swift in Sources */,
				2BA0FBA52C4A8DDF00FE6368 /* LogifyApp.swift in Sources */,
				2B6AABBE2C864A18006B968A /* ButtonStyle.swift in Sources */,
				2B7C3AE02CACA4D700C62BC3 /* CargoListViewModel.swift in Sources */,
				2B6AABC52C8B4423006B968A /* CargoDocumentsView.swift in Sources */,
				2BAFED202C556D710041AF88 /* DriverEmployerView.swift in Sources */,
				2B0C50102CA43CDA003FEFE3 /* Employer.swift in Sources */,
				2BAFED142C52D69D0041AF88 /* CustomTabView.swift in Sources */,
				2B03B9782C95FE1200DF48C1 /* MessageBubble.swift in Sources */,
				2B6AABBC2C84D8A9006B968A /* Point.swift in Sources */,
				2B08DC802C77D263003F49D0 /* CargoDetailsView.swift in Sources */,
				2B0C50162CA6008C003FEFE3 /* Chat.swift in Sources */,
				2B6AABC02C875A84006B968A /* MapView.swift in Sources */,
				2B6AABBA2C84D822006B968A /* Cargo.swift in Sources */,
				2BAFED0B2C526E760041AF88 /* DriverChatView.swift in Sources */,
				2BAFED1A2C555E880041AF88 /* Driver.swift in Sources */,
				2BAFED072C526E360041AF88 /* DriverProfileView.swift in Sources */,
				2B0C50142CA5E71A003FEFE3 /* ChatManager.swift in Sources */,
				2B03B97A2C95FE7300DF48C1 /* Message.swift in Sources */,
				2B03B9822C99ABDF00DF48C1 /* TabViewButton.swift in Sources */,
				2BAFED092C526E5E0041AF88 /* DriverCargoListView.swift in Sources */,
				2B03B97E2C971D1A00DF48C1 /* MessageField.swift in Sources */,
				2B7C3AE22CACA9BA00C62BC3 /* CargoViewModel.swift in Sources */,
				2B6AABB42C7FC12D006B968A /* SectionHeader.swift in Sources */,
				2B74F3A02C73DD5100C8B0CD /* CargoCell.swift in Sources */,
				2BAFED1C2C55619D0041AF88 /* DriverManager.swift in Sources */,
				2BAFED182C54F8640041AF88 /* RequestEmployerRow.swift in Sources */,
				2BAFED052C526A900041AF88 /* User.swift in Sources */,
			);
			runOnlyForDeploymentPostprocessing = 0;
		};
/* End PBXSourcesBuildPhase section */

/* Begin XCBuildConfiguration section */
		2BA0FBAD2C4A8DE100FE6368 /* Debug */ = {
			isa = XCBuildConfiguration;
			buildSettings = {
				ALWAYS_SEARCH_USER_PATHS = NO;
				ASSETCATALOG_COMPILER_GENERATE_SWIFT_ASSET_SYMBOL_EXTENSIONS = YES;
				CLANG_ANALYZER_NONNULL = YES;
				CLANG_ANALYZER_NUMBER_OBJECT_CONVERSION = YES_AGGRESSIVE;
				CLANG_CXX_LANGUAGE_STANDARD = "gnu++20";
				CLANG_ENABLE_MODULES = YES;
				CLANG_ENABLE_OBJC_ARC = YES;
				CLANG_ENABLE_OBJC_WEAK = YES;
				CLANG_WARN_BLOCK_CAPTURE_AUTORELEASING = YES;
				CLANG_WARN_BOOL_CONVERSION = YES;
				CLANG_WARN_COMMA = YES;
				CLANG_WARN_CONSTANT_CONVERSION = YES;
				CLANG_WARN_DEPRECATED_OBJC_IMPLEMENTATIONS = YES;
				CLANG_WARN_DIRECT_OBJC_ISA_USAGE = YES_ERROR;
				CLANG_WARN_DOCUMENTATION_COMMENTS = YES;
				CLANG_WARN_EMPTY_BODY = YES;
				CLANG_WARN_ENUM_CONVERSION = YES;
				CLANG_WARN_INFINITE_RECURSION = YES;
				CLANG_WARN_INT_CONVERSION = YES;
				CLANG_WARN_NON_LITERAL_NULL_CONVERSION = YES;
				CLANG_WARN_OBJC_IMPLICIT_RETAIN_SELF = YES;
				CLANG_WARN_OBJC_LITERAL_CONVERSION = YES;
				CLANG_WARN_OBJC_ROOT_CLASS = YES_ERROR;
				CLANG_WARN_QUOTED_INCLUDE_IN_FRAMEWORK_HEADER = YES;
				CLANG_WARN_RANGE_LOOP_ANALYSIS = YES;
				CLANG_WARN_STRICT_PROTOTYPES = YES;
				CLANG_WARN_SUSPICIOUS_MOVE = YES;
				CLANG_WARN_UNGUARDED_AVAILABILITY = YES_AGGRESSIVE;
				CLANG_WARN_UNREACHABLE_CODE = YES;
				CLANG_WARN__DUPLICATE_METHOD_MATCH = YES;
				COPY_PHASE_STRIP = NO;
				DEBUG_INFORMATION_FORMAT = dwarf;
				ENABLE_STRICT_OBJC_MSGSEND = YES;
				ENABLE_TESTABILITY = YES;
				ENABLE_USER_SCRIPT_SANDBOXING = YES;
				GCC_C_LANGUAGE_STANDARD = gnu17;
				GCC_DYNAMIC_NO_PIC = NO;
				GCC_NO_COMMON_BLOCKS = YES;
				GCC_OPTIMIZATION_LEVEL = 0;
				GCC_PREPROCESSOR_DEFINITIONS = (
					"DEBUG=1",
					"$(inherited)",
				);
				GCC_WARN_64_TO_32_BIT_CONVERSION = YES;
				GCC_WARN_ABOUT_RETURN_TYPE = YES_ERROR;
				GCC_WARN_UNDECLARED_SELECTOR = YES;
				GCC_WARN_UNINITIALIZED_AUTOS = YES_AGGRESSIVE;
				GCC_WARN_UNUSED_FUNCTION = YES;
				GCC_WARN_UNUSED_VARIABLE = YES;
				IPHONEOS_DEPLOYMENT_TARGET = 17.5;
				LOCALIZATION_PREFERS_STRING_CATALOGS = YES;
				MTL_ENABLE_DEBUG_INFO = INCLUDE_SOURCE;
				MTL_FAST_MATH = YES;
				ONLY_ACTIVE_ARCH = YES;
				SDKROOT = iphoneos;
				SWIFT_ACTIVE_COMPILATION_CONDITIONS = "DEBUG $(inherited)";
				SWIFT_OPTIMIZATION_LEVEL = "-Onone";
			};
			name = Debug;
		};
		2BA0FBAE2C4A8DE100FE6368 /* Release */ = {
			isa = XCBuildConfiguration;
			buildSettings = {
				ALWAYS_SEARCH_USER_PATHS = NO;
				ASSETCATALOG_COMPILER_GENERATE_SWIFT_ASSET_SYMBOL_EXTENSIONS = YES;
				CLANG_ANALYZER_NONNULL = YES;
				CLANG_ANALYZER_NUMBER_OBJECT_CONVERSION = YES_AGGRESSIVE;
				CLANG_CXX_LANGUAGE_STANDARD = "gnu++20";
				CLANG_ENABLE_MODULES = YES;
				CLANG_ENABLE_OBJC_ARC = YES;
				CLANG_ENABLE_OBJC_WEAK = YES;
				CLANG_WARN_BLOCK_CAPTURE_AUTORELEASING = YES;
				CLANG_WARN_BOOL_CONVERSION = YES;
				CLANG_WARN_COMMA = YES;
				CLANG_WARN_CONSTANT_CONVERSION = YES;
				CLANG_WARN_DEPRECATED_OBJC_IMPLEMENTATIONS = YES;
				CLANG_WARN_DIRECT_OBJC_ISA_USAGE = YES_ERROR;
				CLANG_WARN_DOCUMENTATION_COMMENTS = YES;
				CLANG_WARN_EMPTY_BODY = YES;
				CLANG_WARN_ENUM_CONVERSION = YES;
				CLANG_WARN_INFINITE_RECURSION = YES;
				CLANG_WARN_INT_CONVERSION = YES;
				CLANG_WARN_NON_LITERAL_NULL_CONVERSION = YES;
				CLANG_WARN_OBJC_IMPLICIT_RETAIN_SELF = YES;
				CLANG_WARN_OBJC_LITERAL_CONVERSION = YES;
				CLANG_WARN_OBJC_ROOT_CLASS = YES_ERROR;
				CLANG_WARN_QUOTED_INCLUDE_IN_FRAMEWORK_HEADER = YES;
				CLANG_WARN_RANGE_LOOP_ANALYSIS = YES;
				CLANG_WARN_STRICT_PROTOTYPES = YES;
				CLANG_WARN_SUSPICIOUS_MOVE = YES;
				CLANG_WARN_UNGUARDED_AVAILABILITY = YES_AGGRESSIVE;
				CLANG_WARN_UNREACHABLE_CODE = YES;
				CLANG_WARN__DUPLICATE_METHOD_MATCH = YES;
				COPY_PHASE_STRIP = NO;
				DEBUG_INFORMATION_FORMAT = "dwarf-with-dsym";
				ENABLE_NS_ASSERTIONS = NO;
				ENABLE_STRICT_OBJC_MSGSEND = YES;
				ENABLE_USER_SCRIPT_SANDBOXING = YES;
				GCC_C_LANGUAGE_STANDARD = gnu17;
				GCC_NO_COMMON_BLOCKS = YES;
				GCC_WARN_64_TO_32_BIT_CONVERSION = YES;
				GCC_WARN_ABOUT_RETURN_TYPE = YES_ERROR;
				GCC_WARN_UNDECLARED_SELECTOR = YES;
				GCC_WARN_UNINITIALIZED_AUTOS = YES_AGGRESSIVE;
				GCC_WARN_UNUSED_FUNCTION = YES;
				GCC_WARN_UNUSED_VARIABLE = YES;
				IPHONEOS_DEPLOYMENT_TARGET = 17.5;
				LOCALIZATION_PREFERS_STRING_CATALOGS = YES;
				MTL_ENABLE_DEBUG_INFO = NO;
				MTL_FAST_MATH = YES;
				SDKROOT = iphoneos;
				SWIFT_COMPILATION_MODE = wholemodule;
				VALIDATE_PRODUCT = YES;
			};
			name = Release;
		};
		2BA0FBB02C4A8DE100FE6368 /* Debug */ = {
			isa = XCBuildConfiguration;
			buildSettings = {
				ASSETCATALOG_COMPILER_APPICON_NAME = AppIcon;
				ASSETCATALOG_COMPILER_GLOBAL_ACCENT_COLOR_NAME = AccentColor;
				CODE_SIGN_STYLE = Automatic;
				CURRENT_PROJECT_VERSION = 1;
				DEVELOPMENT_ASSET_PATHS = "\"Logify/Preview Content\"";
				ENABLE_PREVIEWS = YES;
				GENERATE_INFOPLIST_FILE = YES;
				INFOPLIST_KEY_UIApplicationSceneManifest_Generation = YES;
				INFOPLIST_KEY_UIApplicationSupportsIndirectInputEvents = YES;
				INFOPLIST_KEY_UILaunchScreen_Generation = YES;
				INFOPLIST_KEY_UISupportedInterfaceOrientations_iPad = "UIInterfaceOrientationPortrait UIInterfaceOrientationPortraitUpsideDown UIInterfaceOrientationLandscapeLeft UIInterfaceOrientationLandscapeRight";
				INFOPLIST_KEY_UISupportedInterfaceOrientations_iPhone = "UIInterfaceOrientationPortrait UIInterfaceOrientationLandscapeLeft UIInterfaceOrientationLandscapeRight";
				LD_RUNPATH_SEARCH_PATHS = (
					"$(inherited)",
					"@executable_path/Frameworks",
				);
				MARKETING_VERSION = 1.0;
				PRODUCT_BUNDLE_IDENTIFIER = "-2.Logify";
				PRODUCT_NAME = "$(TARGET_NAME)";
				SWIFT_EMIT_LOC_STRINGS = YES;
				SWIFT_VERSION = 5.0;
				TARGETED_DEVICE_FAMILY = "1,2";
			};
			name = Debug;
		};
		2BA0FBB12C4A8DE100FE6368 /* Release */ = {
			isa = XCBuildConfiguration;
			buildSettings = {
				ASSETCATALOG_COMPILER_APPICON_NAME = AppIcon;
				ASSETCATALOG_COMPILER_GLOBAL_ACCENT_COLOR_NAME = AccentColor;
				CODE_SIGN_STYLE = Automatic;
				CURRENT_PROJECT_VERSION = 1;
				DEVELOPMENT_ASSET_PATHS = "\"Logify/Preview Content\"";
				ENABLE_PREVIEWS = YES;
				GENERATE_INFOPLIST_FILE = YES;
				INFOPLIST_KEY_UIApplicationSceneManifest_Generation = YES;
				INFOPLIST_KEY_UIApplicationSupportsIndirectInputEvents = YES;
				INFOPLIST_KEY_UILaunchScreen_Generation = YES;
				INFOPLIST_KEY_UISupportedInterfaceOrientations_iPad = "UIInterfaceOrientationPortrait UIInterfaceOrientationPortraitUpsideDown UIInterfaceOrientationLandscapeLeft UIInterfaceOrientationLandscapeRight";
				INFOPLIST_KEY_UISupportedInterfaceOrientations_iPhone = "UIInterfaceOrientationPortrait UIInterfaceOrientationLandscapeLeft UIInterfaceOrientationLandscapeRight";
				LD_RUNPATH_SEARCH_PATHS = (
					"$(inherited)",
					"@executable_path/Frameworks",
				);
				MARKETING_VERSION = 1.0;
				PRODUCT_BUNDLE_IDENTIFIER = "-2.Logify";
				PRODUCT_NAME = "$(TARGET_NAME)";
				SWIFT_EMIT_LOC_STRINGS = YES;
				SWIFT_VERSION = 5.0;
				TARGETED_DEVICE_FAMILY = "1,2";
			};
			name = Release;
		};
/* End XCBuildConfiguration section */

/* Begin XCConfigurationList section */
		2BA0FB9C2C4A8DDF00FE6368 /* Build configuration list for PBXProject "Logify" */ = {
			isa = XCConfigurationList;
			buildConfigurations = (
				2BA0FBAD2C4A8DE100FE6368 /* Debug */,
				2BA0FBAE2C4A8DE100FE6368 /* Release */,
			);
			defaultConfigurationIsVisible = 0;
			defaultConfigurationName = Release;
		};
		2BA0FBAF2C4A8DE100FE6368 /* Build configuration list for PBXNativeTarget "Logify" */ = {
			isa = XCConfigurationList;
			buildConfigurations = (
				2BA0FBB02C4A8DE100FE6368 /* Debug */,
				2BA0FBB12C4A8DE100FE6368 /* Release */,
			);
			defaultConfigurationIsVisible = 0;
			defaultConfigurationName = Release;
		};
/* End XCConfigurationList section */
	};
	rootObject = 2BA0FB992C4A8DDF00FE6368 /* Project object */;
}
