// !$*UTF8*$!
{
	archiveVersion = 1;
	classes = {
	};
	objectVersion = 56;
	objects = {

/* Begin PBXBuildFile section */
		2B03B9782C95FE1200DF48C1 /* MessageBubble.swift in Sources */ = {isa = PBXBuildFile; fileRef = 2B03B9772C95FE1200DF48C1 /* MessageBubble.swift */; };
		2B03B97A2C95FE7300DF48C1 /* Message.swift in Sources */ = {isa = PBXBuildFile; fileRef = 2B03B9792C95FE7300DF48C1 /* Message.swift */; };
		2B03B97E2C971D1A00DF48C1 /* MessageField.swift in Sources */ = {isa = PBXBuildFile; fileRef = 2B03B97D2C971D1A00DF48C1 /* MessageField.swift */; };
		2B03B9822C99ABDF00DF48C1 /* TabViewButton.swift in Sources */ = {isa = PBXBuildFile; fileRef = 2B03B9812C99ABDF00DF48C1 /* TabViewButton.swift */; };
		2B08DC802C77D263003F49D0 /* CargoDetailsView.swift in Sources */ = {isa = PBXBuildFile; fileRef = 2B08DC7F2C77D263003F49D0 /* CargoDetailsView.swift */; };
		2B0C50102CA43CDA003FEFE3 /* Employer.swift in Sources */ = {isa = PBXBuildFile; fileRef = 2B0C500F2CA43CDA003FEFE3 /* Employer.swift */; };
		2B0C50122CA4BAA0003FEFE3 /* UserDataCell.swift in Sources */ = {isa = PBXBuildFile; fileRef = 2B0C50112CA4BAA0003FEFE3 /* UserDataCell.swift */; };
		2B0C50162CA6008C003FEFE3 /* Chat.swift in Sources */ = {isa = PBXBuildFile; fileRef = 2B0C50152CA6008C003FEFE3 /* Chat.swift */; };
		2B24425C2CAEE31D009E43AE /* EmployerMainView.swift in Sources */ = {isa = PBXBuildFile; fileRef = 2B24425B2CAEE31D009E43AE /* EmployerMainView.swift */; };
		2B2442612CAEE41D009E43AE /* EmployerTabView.swift in Sources */ = {isa = PBXBuildFile; fileRef = 2B2442602CAEE41D009E43AE /* EmployerTabView.swift */; };
		2B2442632CAEE471009E43AE /* TabViewPanel.swift in Sources */ = {isa = PBXBuildFile; fileRef = 2B2442622CAEE471009E43AE /* TabViewPanel.swift */; };
		2B2442682CAEF40F009E43AE /* EmployerProfileViewModel.swift in Sources */ = {isa = PBXBuildFile; fileRef = 2B2442672CAEF40F009E43AE /* EmployerProfileViewModel.swift */; };
		2B24426A2CAEFCE4009E43AE /* EmployerCargoListView.swift in Sources */ = {isa = PBXBuildFile; fileRef = 2B2442692CAEFCE4009E43AE /* EmployerCargoListView.swift */; };
		2B24426C2CAF0004009E43AE /* EmployerCargoListViewModel.swift in Sources */ = {isa = PBXBuildFile; fileRef = 2B24426B2CAF0004009E43AE /* EmployerCargoListViewModel.swift */; };
		2B24426E2CAF039B009E43AE /* EmployerCargoDetailsView.swift in Sources */ = {isa = PBXBuildFile; fileRef = 2B24426D2CAF039B009E43AE /* EmployerCargoDetailsView.swift */; };
		2B2442702CAF0447009E43AE /* EmployerCargoDocumentsView.swift in Sources */ = {isa = PBXBuildFile; fileRef = 2B24426F2CAF0447009E43AE /* EmployerCargoDocumentsView.swift */; };
		2B2442722CAF0506009E43AE /* EmployerCargoViewModel.swift in Sources */ = {isa = PBXBuildFile; fileRef = 2B2442712CAF0506009E43AE /* EmployerCargoViewModel.swift */; };
		2B2442762CAF18CE009E43AE /* DriverSelectionView.swift in Sources */ = {isa = PBXBuildFile; fileRef = 2B2442752CAF18CE009E43AE /* DriverSelectionView.swift */; };
		2B2442782CAF199D009E43AE /* NewCargoViewModel.swift in Sources */ = {isa = PBXBuildFile; fileRef = 2B2442772CAF199D009E43AE /* NewCargoViewModel.swift */; };
		2B24427A2CAF1B62009E43AE /* Car.swift in Sources */ = {isa = PBXBuildFile; fileRef = 2B2442792CAF1B62009E43AE /* Car.swift */; };
		2B24427C2CAF297A009E43AE /* DriverDetailsCell.swift in Sources */ = {isa = PBXBuildFile; fileRef = 2B24427B2CAF297A009E43AE /* DriverDetailsCell.swift */; };
		2B24427E2CAF3462009E43AE /* CarSelectionView.swift in Sources */ = {isa = PBXBuildFile; fileRef = 2B24427D2CAF3462009E43AE /* CarSelectionView.swift */; };
		2B2442802CAF3C65009E43AE /* CarDetailsCell.swift in Sources */ = {isa = PBXBuildFile; fileRef = 2B24427F2CAF3C65009E43AE /* CarDetailsCell.swift */; };
		2B2442822CAF4643009E43AE /* RouteEditingView.swift in Sources */ = {isa = PBXBuildFile; fileRef = 2B2442812CAF4643009E43AE /* RouteEditingView.swift */; };
		2B2442862CAFD7BF009E43AE /* NewPointView.swift in Sources */ = {isa = PBXBuildFile; fileRef = 2B2442852CAFD7BF009E43AE /* NewPointView.swift */; };
		2B2442882CAFE0A2009E43AE /* NewPointMapView.swift in Sources */ = {isa = PBXBuildFile; fileRef = 2B2442872CAFE0A2009E43AE /* NewPointMapView.swift */; };
		2B24428A2CB007FA009E43AE /* NewCargoView.swift in Sources */ = {isa = PBXBuildFile; fileRef = 2B2442892CB007FA009E43AE /* NewCargoView.swift */; };
		2B24428C2CB02D66009E43AE /* PointRow.swift in Sources */ = {isa = PBXBuildFile; fileRef = 2B24428B2CB02D66009E43AE /* PointRow.swift */; };
		2B2442902CB0A701009E43AE /* DriverDetailsRow.swift in Sources */ = {isa = PBXBuildFile; fileRef = 2B24428F2CB0A700009E43AE /* DriverDetailsRow.swift */; };
		2B2442922CB1EEF2009E43AE /* CarDetailsRow.swift in Sources */ = {isa = PBXBuildFile; fileRef = 2B2442912CB1EEF2009E43AE /* CarDetailsRow.swift */; };
		2B2442982CB95153009E43AE /* EmployerDriversListView.swift in Sources */ = {isa = PBXBuildFile; fileRef = 2B2442972CB95153009E43AE /* EmployerDriversListView.swift */; };
		2B24429A2CB951E8009E43AE /* EmployerDriversListViewModel.swift in Sources */ = {isa = PBXBuildFile; fileRef = 2B2442992CB951E8009E43AE /* EmployerDriversListViewModel.swift */; };
		2B24429C2CB95CB6009E43AE /* DriverDetailsView.swift in Sources */ = {isa = PBXBuildFile; fileRef = 2B24429B2CB95CB6009E43AE /* DriverDetailsView.swift */; };
		2B24429E2CB95EC5009E43AE /* ListDetailRow.swift in Sources */ = {isa = PBXBuildFile; fileRef = 2B24429D2CB95EC5009E43AE /* ListDetailRow.swift */; };
		2B2442A02CB9C172009E43AE /* SearchDriverView.swift in Sources */ = {isa = PBXBuildFile; fileRef = 2B24429F2CB9C172009E43AE /* SearchDriverView.swift */; };
		2B2442A22CBC392E009E43AE /* NewDriverCell.swift in Sources */ = {isa = PBXBuildFile; fileRef = 2B2442A12CBC392E009E43AE /* NewDriverCell.swift */; };
		2B2442A42CBC3C26009E43AE /* NewDriverDetailsView.swift in Sources */ = {isa = PBXBuildFile; fileRef = 2B2442A32CBC3C25009E43AE /* NewDriverDetailsView.swift */; };
		2B2442A72CBD33DC009E43AE /* EmployerChatsListView.swift in Sources */ = {isa = PBXBuildFile; fileRef = 2B2442A62CBD33DC009E43AE /* EmployerChatsListView.swift */; };
		2B2442A92CBD3805009E43AE /* EmployerChatsListViewModel.swift in Sources */ = {isa = PBXBuildFile; fileRef = 2B2442A82CBD3805009E43AE /* EmployerChatsListViewModel.swift */; };
		2B2442AB2CBD392B009E43AE /* ChatDetailsRow.swift in Sources */ = {isa = PBXBuildFile; fileRef = 2B2442AA2CBD392B009E43AE /* ChatDetailsRow.swift */; };
		2B2442AD2CBFD97E009E43AE /* EmployerChatView.swift in Sources */ = {isa = PBXBuildFile; fileRef = 2B2442AC2CBFD97E009E43AE /* EmployerChatView.swift */; };
		2B6AABB42C7FC12D006B968A /* SectionHeader.swift in Sources */ = {isa = PBXBuildFile; fileRef = 2B6AABB32C7FC12D006B968A /* SectionHeader.swift */; };
		2B6AABBA2C84D822006B968A /* Cargo.swift in Sources */ = {isa = PBXBuildFile; fileRef = 2B6AABB92C84D822006B968A /* Cargo.swift */; };
		2B6AABBC2C84D8A9006B968A /* Point.swift in Sources */ = {isa = PBXBuildFile; fileRef = 2B6AABBB2C84D8A9006B968A /* Point.swift */; };
		2B6AABBE2C864A18006B968A /* ButtonStyleModifier.swift in Sources */ = {isa = PBXBuildFile; fileRef = 2B6AABBD2C864A18006B968A /* ButtonStyleModifier.swift */; };
		2B6AABC02C875A84006B968A /* MapView.swift in Sources */ = {isa = PBXBuildFile; fileRef = 2B6AABBF2C875A84006B968A /* MapView.swift */; };
		2B6AABC52C8B4423006B968A /* CargoDocumentsView.swift in Sources */ = {isa = PBXBuildFile; fileRef = 2B6AABC42C8B4423006B968A /* CargoDocumentsView.swift */; };
		2B74F3A02C73DD5100C8B0CD /* CargoCell.swift in Sources */ = {isa = PBXBuildFile; fileRef = 2B74F39F2C73DD5100C8B0CD /* CargoCell.swift */; };
		2B7C3AE02CACA4D700C62BC3 /* CargoListViewModel.swift in Sources */ = {isa = PBXBuildFile; fileRef = 2B7C3ADF2CACA4D700C62BC3 /* CargoListViewModel.swift */; };
		2B7C3AE22CACA9BA00C62BC3 /* CargoViewModel.swift in Sources */ = {isa = PBXBuildFile; fileRef = 2B7C3AE12CACA9BA00C62BC3 /* CargoViewModel.swift */; };
		2B7C3AE42CACB42300C62BC3 /* MapViewModel.swift in Sources */ = {isa = PBXBuildFile; fileRef = 2B7C3AE32CACB42300C62BC3 /* MapViewModel.swift */; };
		2B7C3AE62CAD5F8300C62BC3 /* ChatViewModel.swift in Sources */ = {isa = PBXBuildFile; fileRef = 2B7C3AE52CAD5F8300C62BC3 /* ChatViewModel.swift */; };
		2B7C3AE82CAD695B00C62BC3 /* ProfileViewModel.swift in Sources */ = {isa = PBXBuildFile; fileRef = 2B7C3AE72CAD695B00C62BC3 /* ProfileViewModel.swift */; };
		2B7E985B2CD18E1E007255CE /* HUD.swift in Sources */ = {isa = PBXBuildFile; fileRef = 2B7E985A2CD18E1E007255CE /* HUD.swift */; };
		2B7E985E2CD284D4007255CE /* ProfileView.swift in Sources */ = {isa = PBXBuildFile; fileRef = 2B7E985D2CD284D4007255CE /* ProfileView.swift */; };
		2B7E98DD2CD7D945007255CE /* CarsListView.swift in Sources */ = {isa = PBXBuildFile; fileRef = 2B7E98DC2CD7D945007255CE /* CarsListView.swift */; };
		2B7E98DF2CD7DC6C007255CE /* SegmentedPickerExample.swift in Sources */ = {isa = PBXBuildFile; fileRef = 2B7E98DE2CD7DC6C007255CE /* SegmentedPickerExample.swift */; };
		2B7E98E12CD7E4AF007255CE /* ViewPicker.swift in Sources */ = {isa = PBXBuildFile; fileRef = 2B7E98E02CD7E4AF007255CE /* ViewPicker.swift */; };
		2B7E98E32CD7E9F5007255CE /* CarsListViewModel.swift in Sources */ = {isa = PBXBuildFile; fileRef = 2B7E98E22CD7E9F5007255CE /* CarsListViewModel.swift */; };
		2BA0FBA52C4A8DDF00FE6368 /* LogifyApp.swift in Sources */ = {isa = PBXBuildFile; fileRef = 2BA0FBA42C4A8DDF00FE6368 /* LogifyApp.swift */; };
		2BA0FBA72C4A8DDF00FE6368 /* DriverMainView.swift in Sources */ = {isa = PBXBuildFile; fileRef = 2BA0FBA62C4A8DDF00FE6368 /* DriverMainView.swift */; };
		2BA0FBA92C4A8DE100FE6368 /* Assets.xcassets in Resources */ = {isa = PBXBuildFile; fileRef = 2BA0FBA82C4A8DE100FE6368 /* Assets.xcassets */; };
		2BA0FBAC2C4A8DE100FE6368 /* Preview Assets.xcassets in Resources */ = {isa = PBXBuildFile; fileRef = 2BA0FBAB2C4A8DE100FE6368 /* Preview Assets.xcassets */; };
		2BAFED052C526A900041AF88 /* User.swift in Sources */ = {isa = PBXBuildFile; fileRef = 2BAFED042C526A900041AF88 /* User.swift */; };
		2BAFED092C526E5E0041AF88 /* DriverCargoListView.swift in Sources */ = {isa = PBXBuildFile; fileRef = 2BAFED082C526E5E0041AF88 /* DriverCargoListView.swift */; };
		2BAFED0B2C526E760041AF88 /* DriverChatView.swift in Sources */ = {isa = PBXBuildFile; fileRef = 2BAFED0A2C526E760041AF88 /* DriverChatView.swift */; };
		2BAFED142C52D69D0041AF88 /* DriverTabView.swift in Sources */ = {isa = PBXBuildFile; fileRef = 2BAFED132C52D69D0041AF88 /* DriverTabView.swift */; };
		2BAFED1A2C555E880041AF88 /* Driver.swift in Sources */ = {isa = PBXBuildFile; fileRef = 2BAFED192C555E880041AF88 /* Driver.swift */; };
		2BAFED1C2C55619D0041AF88 /* DriverManager.swift in Sources */ = {isa = PBXBuildFile; fileRef = 2BAFED1B2C55619D0041AF88 /* DriverManager.swift */; };
		2BD880842CC7FC5700629991 /* LoginView.swift in Sources */ = {isa = PBXBuildFile; fileRef = 2BD880832CC7FC5700629991 /* LoginView.swift */; };
		2BD880862CC7FC6700629991 /* RegistrationView.swift in Sources */ = {isa = PBXBuildFile; fileRef = 2BD880852CC7FC6700629991 /* RegistrationView.swift */; };
		2BD880882CC7FC7B00629991 /* RegistrationViewModel.swift in Sources */ = {isa = PBXBuildFile; fileRef = 2BD880872CC7FC7B00629991 /* RegistrationViewModel.swift */; };
		2BD8808A2CC7FCAC00629991 /* LoginViewModel.swift in Sources */ = {isa = PBXBuildFile; fileRef = 2BD880892CC7FCAC00629991 /* LoginViewModel.swift */; };
		2BD8808C2CC7FDD800629991 /* AuthenticationView.swift in Sources */ = {isa = PBXBuildFile; fileRef = 2BD8808B2CC7FDD800629991 /* AuthenticationView.swift */; };
		2BD8808E2CC7FDF400629991 /* CustomTextField.swift in Sources */ = {isa = PBXBuildFile; fileRef = 2BD8808D2CC7FDF400629991 /* CustomTextField.swift */; };
		2BD880902CC7FE0400629991 /* LogoLabel.swift in Sources */ = {isa = PBXBuildFile; fileRef = 2BD8808F2CC7FE0400629991 /* LogoLabel.swift */; };
		2BD880942CC7FE8700629991 /* Role.swift in Sources */ = {isa = PBXBuildFile; fileRef = 2BD880932CC7FE8700629991 /* Role.swift */; };
		2BD880972CC8FD2B00629991 /* CustomRolePicker.swift in Sources */ = {isa = PBXBuildFile; fileRef = 2BD880962CC8FD2B00629991 /* CustomRolePicker.swift */; };
		2BD8809B2CCA9E1400629991 /* TextFieldValidator.swift in Sources */ = {isa = PBXBuildFile; fileRef = 2BD8809A2CCA9E1400629991 /* TextFieldValidator.swift */; };
		2BD8809F2CCAEAA600629991 /* CustomSecureField.swift in Sources */ = {isa = PBXBuildFile; fileRef = 2BD8809E2CCAEAA600629991 /* CustomSecureField.swift */; };
		2BD880A22CCC0F8C00629991 /* DriverEmployerView.swift in Sources */ = {isa = PBXBuildFile; fileRef = 2BD880A12CCC0F8C00629991 /* DriverEmployerView.swift */; };
		2BD880A42CCC26CA00629991 /* EmployerRequestDetailsView.swift in Sources */ = {isa = PBXBuildFile; fileRef = 2BD880A32CCC26CA00629991 /* EmployerRequestDetailsView.swift */; };
		2BD880A62CCC2E1E00629991 /* ActionNotificationView.swift in Sources */ = {isa = PBXBuildFile; fileRef = 2BD880A52CCC2E1E00629991 /* ActionNotificationView.swift */; };
		2BD880A82CCC31C300629991 /* EmployersViewModel.swift in Sources */ = {isa = PBXBuildFile; fileRef = 2BD880A72CCC31C300629991 /* EmployersViewModel.swift */; };
		2BD880AA2CCD8E3300629991 /* EmployerRequestButtons.swift in Sources */ = {isa = PBXBuildFile; fileRef = 2BD880A92CCD8E3300629991 /* EmployerRequestButtons.swift */; };
/* End PBXBuildFile section */

/* Begin PBXFileReference section */
		2B03B9772C95FE1200DF48C1 /* MessageBubble.swift */ = {isa = PBXFileReference; lastKnownFileType = sourcecode.swift; path = MessageBubble.swift; sourceTree = "<group>"; };
		2B03B9792C95FE7300DF48C1 /* Message.swift */ = {isa = PBXFileReference; lastKnownFileType = sourcecode.swift; path = Message.swift; sourceTree = "<group>"; };
		2B03B97D2C971D1A00DF48C1 /* MessageField.swift */ = {isa = PBXFileReference; lastKnownFileType = sourcecode.swift; path = MessageField.swift; sourceTree = "<group>"; };
		2B03B9812C99ABDF00DF48C1 /* TabViewButton.swift */ = {isa = PBXFileReference; lastKnownFileType = sourcecode.swift; path = TabViewButton.swift; sourceTree = "<group>"; };
		2B08DC7F2C77D263003F49D0 /* CargoDetailsView.swift */ = {isa = PBXFileReference; lastKnownFileType = sourcecode.swift; path = CargoDetailsView.swift; sourceTree = "<group>"; };
		2B0C500F2CA43CDA003FEFE3 /* Employer.swift */ = {isa = PBXFileReference; lastKnownFileType = sourcecode.swift; path = Employer.swift; sourceTree = "<group>"; };
		2B0C50112CA4BAA0003FEFE3 /* UserDataCell.swift */ = {isa = PBXFileReference; lastKnownFileType = sourcecode.swift; path = UserDataCell.swift; sourceTree = "<group>"; };
		2B0C50152CA6008C003FEFE3 /* Chat.swift */ = {isa = PBXFileReference; lastKnownFileType = sourcecode.swift; path = Chat.swift; sourceTree = "<group>"; };
		2B24425B2CAEE31D009E43AE /* EmployerMainView.swift */ = {isa = PBXFileReference; lastKnownFileType = sourcecode.swift; path = EmployerMainView.swift; sourceTree = "<group>"; };
		2B2442602CAEE41D009E43AE /* EmployerTabView.swift */ = {isa = PBXFileReference; lastKnownFileType = sourcecode.swift; path = EmployerTabView.swift; sourceTree = "<group>"; };
		2B2442622CAEE471009E43AE /* TabViewPanel.swift */ = {isa = PBXFileReference; lastKnownFileType = sourcecode.swift; path = TabViewPanel.swift; sourceTree = "<group>"; };
		2B2442672CAEF40F009E43AE /* EmployerProfileViewModel.swift */ = {isa = PBXFileReference; lastKnownFileType = sourcecode.swift; path = EmployerProfileViewModel.swift; sourceTree = "<group>"; };
		2B2442692CAEFCE4009E43AE /* EmployerCargoListView.swift */ = {isa = PBXFileReference; lastKnownFileType = sourcecode.swift; path = EmployerCargoListView.swift; sourceTree = "<group>"; };
		2B24426B2CAF0004009E43AE /* EmployerCargoListViewModel.swift */ = {isa = PBXFileReference; lastKnownFileType = sourcecode.swift; path = EmployerCargoListViewModel.swift; sourceTree = "<group>"; };
		2B24426D2CAF039B009E43AE /* EmployerCargoDetailsView.swift */ = {isa = PBXFileReference; lastKnownFileType = sourcecode.swift; path = EmployerCargoDetailsView.swift; sourceTree = "<group>"; };
		2B24426F2CAF0447009E43AE /* EmployerCargoDocumentsView.swift */ = {isa = PBXFileReference; lastKnownFileType = sourcecode.swift; path = EmployerCargoDocumentsView.swift; sourceTree = "<group>"; };
		2B2442712CAF0506009E43AE /* EmployerCargoViewModel.swift */ = {isa = PBXFileReference; lastKnownFileType = sourcecode.swift; path = EmployerCargoViewModel.swift; sourceTree = "<group>"; };
		2B2442752CAF18CE009E43AE /* DriverSelectionView.swift */ = {isa = PBXFileReference; lastKnownFileType = sourcecode.swift; path = DriverSelectionView.swift; sourceTree = "<group>"; };
		2B2442772CAF199D009E43AE /* NewCargoViewModel.swift */ = {isa = PBXFileReference; lastKnownFileType = sourcecode.swift; path = NewCargoViewModel.swift; sourceTree = "<group>"; };
		2B2442792CAF1B62009E43AE /* Car.swift */ = {isa = PBXFileReference; lastKnownFileType = sourcecode.swift; path = Car.swift; sourceTree = "<group>"; };
		2B24427B2CAF297A009E43AE /* DriverDetailsCell.swift */ = {isa = PBXFileReference; lastKnownFileType = sourcecode.swift; path = DriverDetailsCell.swift; sourceTree = "<group>"; };
		2B24427D2CAF3462009E43AE /* CarSelectionView.swift */ = {isa = PBXFileReference; lastKnownFileType = sourcecode.swift; path = CarSelectionView.swift; sourceTree = "<group>"; };
		2B24427F2CAF3C65009E43AE /* CarDetailsCell.swift */ = {isa = PBXFileReference; lastKnownFileType = sourcecode.swift; path = CarDetailsCell.swift; sourceTree = "<group>"; };
		2B2442812CAF4643009E43AE /* RouteEditingView.swift */ = {isa = PBXFileReference; lastKnownFileType = sourcecode.swift; path = RouteEditingView.swift; sourceTree = "<group>"; };
		2B2442852CAFD7BF009E43AE /* NewPointView.swift */ = {isa = PBXFileReference; lastKnownFileType = sourcecode.swift; path = NewPointView.swift; sourceTree = "<group>"; };
		2B2442872CAFE0A2009E43AE /* NewPointMapView.swift */ = {isa = PBXFileReference; lastKnownFileType = sourcecode.swift; path = NewPointMapView.swift; sourceTree = "<group>"; };
		2B2442892CB007FA009E43AE /* NewCargoView.swift */ = {isa = PBXFileReference; lastKnownFileType = sourcecode.swift; path = NewCargoView.swift; sourceTree = "<group>"; };
		2B24428B2CB02D66009E43AE /* PointRow.swift */ = {isa = PBXFileReference; lastKnownFileType = sourcecode.swift; path = PointRow.swift; sourceTree = "<group>"; };
		2B24428F2CB0A700009E43AE /* DriverDetailsRow.swift */ = {isa = PBXFileReference; lastKnownFileType = sourcecode.swift; path = DriverDetailsRow.swift; sourceTree = "<group>"; };
		2B2442912CB1EEF2009E43AE /* CarDetailsRow.swift */ = {isa = PBXFileReference; lastKnownFileType = sourcecode.swift; path = CarDetailsRow.swift; sourceTree = "<group>"; };
		2B2442972CB95153009E43AE /* EmployerDriversListView.swift */ = {isa = PBXFileReference; lastKnownFileType = sourcecode.swift; path = EmployerDriversListView.swift; sourceTree = "<group>"; };
		2B2442992CB951E8009E43AE /* EmployerDriversListViewModel.swift */ = {isa = PBXFileReference; lastKnownFileType = sourcecode.swift; path = EmployerDriversListViewModel.swift; sourceTree = "<group>"; };
		2B24429B2CB95CB6009E43AE /* DriverDetailsView.swift */ = {isa = PBXFileReference; lastKnownFileType = sourcecode.swift; path = DriverDetailsView.swift; sourceTree = "<group>"; };
		2B24429D2CB95EC5009E43AE /* ListDetailRow.swift */ = {isa = PBXFileReference; lastKnownFileType = sourcecode.swift; path = ListDetailRow.swift; sourceTree = "<group>"; };
		2B24429F2CB9C172009E43AE /* SearchDriverView.swift */ = {isa = PBXFileReference; lastKnownFileType = sourcecode.swift; path = SearchDriverView.swift; sourceTree = "<group>"; };
		2B2442A12CBC392E009E43AE /* NewDriverCell.swift */ = {isa = PBXFileReference; lastKnownFileType = sourcecode.swift; path = NewDriverCell.swift; sourceTree = "<group>"; };
		2B2442A32CBC3C25009E43AE /* NewDriverDetailsView.swift */ = {isa = PBXFileReference; lastKnownFileType = sourcecode.swift; path = NewDriverDetailsView.swift; sourceTree = "<group>"; };
		2B2442A62CBD33DC009E43AE /* EmployerChatsListView.swift */ = {isa = PBXFileReference; lastKnownFileType = sourcecode.swift; path = EmployerChatsListView.swift; sourceTree = "<group>"; };
		2B2442A82CBD3805009E43AE /* EmployerChatsListViewModel.swift */ = {isa = PBXFileReference; lastKnownFileType = sourcecode.swift; path = EmployerChatsListViewModel.swift; sourceTree = "<group>"; };
		2B2442AA2CBD392B009E43AE /* ChatDetailsRow.swift */ = {isa = PBXFileReference; lastKnownFileType = sourcecode.swift; path = ChatDetailsRow.swift; sourceTree = "<group>"; };
		2B2442AC2CBFD97E009E43AE /* EmployerChatView.swift */ = {isa = PBXFileReference; lastKnownFileType = sourcecode.swift; path = EmployerChatView.swift; sourceTree = "<group>"; };
		2B6AABB32C7FC12D006B968A /* SectionHeader.swift */ = {isa = PBXFileReference; lastKnownFileType = sourcecode.swift; path = SectionHeader.swift; sourceTree = "<group>"; };
		2B6AABB92C84D822006B968A /* Cargo.swift */ = {isa = PBXFileReference; lastKnownFileType = sourcecode.swift; path = Cargo.swift; sourceTree = "<group>"; };
		2B6AABBB2C84D8A9006B968A /* Point.swift */ = {isa = PBXFileReference; lastKnownFileType = sourcecode.swift; path = Point.swift; sourceTree = "<group>"; };
		2B6AABBD2C864A18006B968A /* ButtonStyleModifier.swift */ = {isa = PBXFileReference; lastKnownFileType = sourcecode.swift; path = ButtonStyleModifier.swift; sourceTree = "<group>"; };
		2B6AABBF2C875A84006B968A /* MapView.swift */ = {isa = PBXFileReference; lastKnownFileType = sourcecode.swift; path = MapView.swift; sourceTree = "<group>"; };
		2B6AABC42C8B4423006B968A /* CargoDocumentsView.swift */ = {isa = PBXFileReference; lastKnownFileType = sourcecode.swift; path = CargoDocumentsView.swift; sourceTree = "<group>"; };
		2B74F39F2C73DD5100C8B0CD /* CargoCell.swift */ = {isa = PBXFileReference; lastKnownFileType = sourcecode.swift; path = CargoCell.swift; sourceTree = "<group>"; };
		2B7C3ADF2CACA4D700C62BC3 /* CargoListViewModel.swift */ = {isa = PBXFileReference; lastKnownFileType = sourcecode.swift; path = CargoListViewModel.swift; sourceTree = "<group>"; };
		2B7C3AE12CACA9BA00C62BC3 /* CargoViewModel.swift */ = {isa = PBXFileReference; lastKnownFileType = sourcecode.swift; path = CargoViewModel.swift; sourceTree = "<group>"; };
		2B7C3AE32CACB42300C62BC3 /* MapViewModel.swift */ = {isa = PBXFileReference; lastKnownFileType = sourcecode.swift; path = MapViewModel.swift; sourceTree = "<group>"; };
		2B7C3AE52CAD5F8300C62BC3 /* ChatViewModel.swift */ = {isa = PBXFileReference; lastKnownFileType = sourcecode.swift; path = ChatViewModel.swift; sourceTree = "<group>"; };
		2B7C3AE72CAD695B00C62BC3 /* ProfileViewModel.swift */ = {isa = PBXFileReference; lastKnownFileType = sourcecode.swift; path = ProfileViewModel.swift; sourceTree = "<group>"; };
		2B7E985A2CD18E1E007255CE /* HUD.swift */ = {isa = PBXFileReference; lastKnownFileType = sourcecode.swift; path = HUD.swift; sourceTree = "<group>"; };
		2B7E985D2CD284D4007255CE /* ProfileView.swift */ = {isa = PBXFileReference; lastKnownFileType = sourcecode.swift; path = ProfileView.swift; sourceTree = "<group>"; };
		2B7E98DC2CD7D945007255CE /* CarsListView.swift */ = {isa = PBXFileReference; lastKnownFileType = sourcecode.swift; path = CarsListView.swift; sourceTree = "<group>"; };
		2B7E98DE2CD7DC6C007255CE /* SegmentedPickerExample.swift */ = {isa = PBXFileReference; lastKnownFileType = sourcecode.swift; path = SegmentedPickerExample.swift; sourceTree = "<group>"; };
		2B7E98E02CD7E4AF007255CE /* ViewPicker.swift */ = {isa = PBXFileReference; lastKnownFileType = sourcecode.swift; path = ViewPicker.swift; sourceTree = "<group>"; };
		2B7E98E22CD7E9F5007255CE /* CarsListViewModel.swift */ = {isa = PBXFileReference; lastKnownFileType = sourcecode.swift; path = CarsListViewModel.swift; sourceTree = "<group>"; };
		2BA0FBA12C4A8DDF00FE6368 /* Logify.app */ = {isa = PBXFileReference; explicitFileType = wrapper.application; includeInIndex = 0; path = Logify.app; sourceTree = BUILT_PRODUCTS_DIR; };
		2BA0FBA42C4A8DDF00FE6368 /* LogifyApp.swift */ = {isa = PBXFileReference; lastKnownFileType = sourcecode.swift; path = LogifyApp.swift; sourceTree = "<group>"; };
		2BA0FBA62C4A8DDF00FE6368 /* DriverMainView.swift */ = {isa = PBXFileReference; lastKnownFileType = sourcecode.swift; path = DriverMainView.swift; sourceTree = "<group>"; };
		2BA0FBA82C4A8DE100FE6368 /* Assets.xcassets */ = {isa = PBXFileReference; lastKnownFileType = folder.assetcatalog; path = Assets.xcassets; sourceTree = "<group>"; };
		2BA0FBAB2C4A8DE100FE6368 /* Preview Assets.xcassets */ = {isa = PBXFileReference; lastKnownFileType = folder.assetcatalog; path = "Preview Assets.xcassets"; sourceTree = "<group>"; };
		2BAFED042C526A900041AF88 /* User.swift */ = {isa = PBXFileReference; lastKnownFileType = sourcecode.swift; path = User.swift; sourceTree = "<group>"; };
		2BAFED082C526E5E0041AF88 /* DriverCargoListView.swift */ = {isa = PBXFileReference; lastKnownFileType = sourcecode.swift; path = DriverCargoListView.swift; sourceTree = "<group>"; };
		2BAFED0A2C526E760041AF88 /* DriverChatView.swift */ = {isa = PBXFileReference; lastKnownFileType = sourcecode.swift; path = DriverChatView.swift; sourceTree = "<group>"; };
		2BAFED132C52D69D0041AF88 /* DriverTabView.swift */ = {isa = PBXFileReference; lastKnownFileType = sourcecode.swift; path = DriverTabView.swift; sourceTree = "<group>"; };
		2BAFED192C555E880041AF88 /* Driver.swift */ = {isa = PBXFileReference; lastKnownFileType = sourcecode.swift; path = Driver.swift; sourceTree = "<group>"; };
		2BAFED1B2C55619D0041AF88 /* DriverManager.swift */ = {isa = PBXFileReference; lastKnownFileType = sourcecode.swift; path = DriverManager.swift; sourceTree = "<group>"; };
		2BD880832CC7FC5700629991 /* LoginView.swift */ = {isa = PBXFileReference; lastKnownFileType = sourcecode.swift; path = LoginView.swift; sourceTree = "<group>"; };
		2BD880852CC7FC6700629991 /* RegistrationView.swift */ = {isa = PBXFileReference; lastKnownFileType = sourcecode.swift; path = RegistrationView.swift; sourceTree = "<group>"; };
		2BD880872CC7FC7B00629991 /* RegistrationViewModel.swift */ = {isa = PBXFileReference; lastKnownFileType = sourcecode.swift; path = RegistrationViewModel.swift; sourceTree = "<group>"; };
		2BD880892CC7FCAC00629991 /* LoginViewModel.swift */ = {isa = PBXFileReference; lastKnownFileType = sourcecode.swift; path = LoginViewModel.swift; sourceTree = "<group>"; };
		2BD8808B2CC7FDD800629991 /* AuthenticationView.swift */ = {isa = PBXFileReference; lastKnownFileType = sourcecode.swift; path = AuthenticationView.swift; sourceTree = "<group>"; };
		2BD8808D2CC7FDF400629991 /* CustomTextField.swift */ = {isa = PBXFileReference; lastKnownFileType = sourcecode.swift; path = CustomTextField.swift; sourceTree = "<group>"; };
		2BD8808F2CC7FE0400629991 /* LogoLabel.swift */ = {isa = PBXFileReference; lastKnownFileType = sourcecode.swift; path = LogoLabel.swift; sourceTree = "<group>"; };
		2BD880932CC7FE8700629991 /* Role.swift */ = {isa = PBXFileReference; lastKnownFileType = sourcecode.swift; path = Role.swift; sourceTree = "<group>"; };
		2BD880962CC8FD2B00629991 /* CustomRolePicker.swift */ = {isa = PBXFileReference; lastKnownFileType = sourcecode.swift; path = CustomRolePicker.swift; sourceTree = "<group>"; };
		2BD8809A2CCA9E1400629991 /* TextFieldValidator.swift */ = {isa = PBXFileReference; lastKnownFileType = sourcecode.swift; path = TextFieldValidator.swift; sourceTree = "<group>"; };
		2BD8809E2CCAEAA600629991 /* CustomSecureField.swift */ = {isa = PBXFileReference; lastKnownFileType = sourcecode.swift; path = CustomSecureField.swift; sourceTree = "<group>"; };
		2BD880A12CCC0F8C00629991 /* DriverEmployerView.swift */ = {isa = PBXFileReference; lastKnownFileType = sourcecode.swift; path = DriverEmployerView.swift; sourceTree = "<group>"; };
		2BD880A32CCC26CA00629991 /* EmployerRequestDetailsView.swift */ = {isa = PBXFileReference; lastKnownFileType = sourcecode.swift; path = EmployerRequestDetailsView.swift; sourceTree = "<group>"; };
		2BD880A52CCC2E1E00629991 /* ActionNotificationView.swift */ = {isa = PBXFileReference; lastKnownFileType = sourcecode.swift; path = ActionNotificationView.swift; sourceTree = "<group>"; };
		2BD880A72CCC31C300629991 /* EmployersViewModel.swift */ = {isa = PBXFileReference; lastKnownFileType = sourcecode.swift; path = EmployersViewModel.swift; sourceTree = "<group>"; };
		2BD880A92CCD8E3300629991 /* EmployerRequestButtons.swift */ = {isa = PBXFileReference; lastKnownFileType = sourcecode.swift; path = EmployerRequestButtons.swift; sourceTree = "<group>"; };
/* End PBXFileReference section */

/* Begin PBXFrameworksBuildPhase section */
		2BA0FB9E2C4A8DDF00FE6368 /* Frameworks */ = {
			isa = PBXFrameworksBuildPhase;
			buildActionMask = 2147483647;
			files = (
			);
			runOnlyForDeploymentPostprocessing = 0;
		};
/* End PBXFrameworksBuildPhase section */

/* Begin PBXGroup section */
		2B0C50182CA61E0A003FEFE3 /* Cargo */ = {
			isa = PBXGroup;
			children = (
				2BAFED082C526E5E0041AF88 /* DriverCargoListView.swift */,
				2B08DC7F2C77D263003F49D0 /* CargoDetailsView.swift */,
				2B6AABC42C8B4423006B968A /* CargoDocumentsView.swift */,
				2B6AABBF2C875A84006B968A /* MapView.swift */,
				2B74F39F2C73DD5100C8B0CD /* CargoCell.swift */,
			);
			path = Cargo;
			sourceTree = "<group>";
		};
		2B0C501A2CA61E1C003FEFE3 /* Chat */ = {
			isa = PBXGroup;
			children = (
				2BAFED0A2C526E760041AF88 /* DriverChatView.swift */,
			);
			path = Chat;
			sourceTree = "<group>";
		};
		2B2442562CAEDD2F009E43AE /* DriverSide */ = {
			isa = PBXGroup;
			children = (
				2B2442842CAF4742009E43AE /* Main */,
				2BD880A02CCC0F5A00629991 /* Employer */,
				2B0C50182CA61E0A003FEFE3 /* Cargo */,
				2B0C501A2CA61E1C003FEFE3 /* Chat */,
			);
			path = DriverSide;
			sourceTree = "<group>";
		};
		2B2442572CAEDD66009E43AE /* Driver */ = {
			isa = PBXGroup;
			children = (
				2B7C3ADF2CACA4D700C62BC3 /* CargoListViewModel.swift */,
				2B7C3AE12CACA9BA00C62BC3 /* CargoViewModel.swift */,
				2B7C3AE72CAD695B00C62BC3 /* ProfileViewModel.swift */,
				2BD880A72CCC31C300629991 /* EmployersViewModel.swift */,
			);
			path = Driver;
			sourceTree = "<group>";
		};
		2B24425A2CAEE2D5009E43AE /* EmployerSide */ = {
			isa = PBXGroup;
			children = (
				2B2442832CAF4728009E43AE /* Main */,
				2B24425F2CAEE3DE009E43AE /* Cargo */,
				2B24425E2CAEE3CE009E43AE /* Drivers */,
				2B2442A52CBD33A7009E43AE /* Chat */,
				2B7E98DE2CD7DC6C007255CE /* SegmentedPickerExample.swift */,
			);
			path = EmployerSide;
			sourceTree = "<group>";
		};
		2B24425E2CAEE3CE009E43AE /* Drivers */ = {
			isa = PBXGroup;
			children = (
				2B2442972CB95153009E43AE /* EmployerDriversListView.swift */,
				2B24429B2CB95CB6009E43AE /* DriverDetailsView.swift */,
				2B24429F2CB9C172009E43AE /* SearchDriverView.swift */,
				2B2442A12CBC392E009E43AE /* NewDriverCell.swift */,
				2B2442A32CBC3C25009E43AE /* NewDriverDetailsView.swift */,
				2B7E98E02CD7E4AF007255CE /* ViewPicker.swift */,
				2B7E98DC2CD7D945007255CE /* CarsListView.swift */,
			);
			path = Drivers;
			sourceTree = "<group>";
		};
		2B24425F2CAEE3DE009E43AE /* Cargo */ = {
			isa = PBXGroup;
			children = (
				2B24428E2CB0830D009E43AE /* ShowCargo */,
				2B24428D2CB07499009E43AE /* CreateCargo */,
			);
			path = Cargo;
			sourceTree = "<group>";
		};
		2B2442662CAEF3F8009E43AE /* Employer */ = {
			isa = PBXGroup;
			children = (
				2B2442672CAEF40F009E43AE /* EmployerProfileViewModel.swift */,
				2B24426B2CAF0004009E43AE /* EmployerCargoListViewModel.swift */,
				2B2442712CAF0506009E43AE /* EmployerCargoViewModel.swift */,
				2B2442772CAF199D009E43AE /* NewCargoViewModel.swift */,
				2B2442992CB951E8009E43AE /* EmployerDriversListViewModel.swift */,
				2B2442A82CBD3805009E43AE /* EmployerChatsListViewModel.swift */,
				2B7E98E22CD7E9F5007255CE /* CarsListViewModel.swift */,
			);
			path = Employer;
			sourceTree = "<group>";
		};
		2B2442832CAF4728009E43AE /* Main */ = {
			isa = PBXGroup;
			children = (
				2B24425B2CAEE31D009E43AE /* EmployerMainView.swift */,
				2B2442602CAEE41D009E43AE /* EmployerTabView.swift */,
			);
			path = Main;
			sourceTree = "<group>";
		};
		2B2442842CAF4742009E43AE /* Main */ = {
			isa = PBXGroup;
			children = (
				2BA0FBA62C4A8DDF00FE6368 /* DriverMainView.swift */,
				2BAFED132C52D69D0041AF88 /* DriverTabView.swift */,
			);
			path = Main;
			sourceTree = "<group>";
		};
		2B24428D2CB07499009E43AE /* CreateCargo */ = {
			isa = PBXGroup;
			children = (
				2B2442962CB4891B009E43AE /* Screens */,
				2B2442952CB488D1009E43AE /* Components */,
			);
			path = CreateCargo;
			sourceTree = "<group>";
		};
		2B24428E2CB0830D009E43AE /* ShowCargo */ = {
			isa = PBXGroup;
			children = (
				2B2442692CAEFCE4009E43AE /* EmployerCargoListView.swift */,
				2B24426D2CAF039B009E43AE /* EmployerCargoDetailsView.swift */,
				2B24426F2CAF0447009E43AE /* EmployerCargoDocumentsView.swift */,
			);
			path = ShowCargo;
			sourceTree = "<group>";
		};
		2B2442952CB488D1009E43AE /* Components */ = {
			isa = PBXGroup;
			children = (
				2B24427B2CAF297A009E43AE /* DriverDetailsCell.swift */,
				2B24428F2CB0A700009E43AE /* DriverDetailsRow.swift */,
				2B24427F2CAF3C65009E43AE /* CarDetailsCell.swift */,
				2B2442912CB1EEF2009E43AE /* CarDetailsRow.swift */,
			);
			path = Components;
			sourceTree = "<group>";
		};
		2B2442962CB4891B009E43AE /* Screens */ = {
			isa = PBXGroup;
			children = (
				2B2442892CB007FA009E43AE /* NewCargoView.swift */,
				2B2442752CAF18CE009E43AE /* DriverSelectionView.swift */,
				2B24427D2CAF3462009E43AE /* CarSelectionView.swift */,
				2B2442852CAFD7BF009E43AE /* NewPointView.swift */,
				2B2442872CAFE0A2009E43AE /* NewPointMapView.swift */,
				2B2442812CAF4643009E43AE /* RouteEditingView.swift */,
			);
			path = Screens;
			sourceTree = "<group>";
		};
		2B2442A52CBD33A7009E43AE /* Chat */ = {
			isa = PBXGroup;
			children = (
				2B2442A62CBD33DC009E43AE /* EmployerChatsListView.swift */,
				2B2442AA2CBD392B009E43AE /* ChatDetailsRow.swift */,
				2B2442AC2CBFD97E009E43AE /* EmployerChatView.swift */,
			);
			path = Chat;
			sourceTree = "<group>";
		};
		2B6AABC32C8A1E61006B968A /* Managers */ = {
			isa = PBXGroup;
			children = (
				2BAFED1B2C55619D0041AF88 /* DriverManager.swift */,
			);
			path = Managers;
			sourceTree = "<group>";
		};
		2B7C3ADE2CACA4BC00C62BC3 /* ViewModels */ = {
			isa = PBXGroup;
			children = (
				2B2442662CAEF3F8009E43AE /* Employer */,
				2B2442572CAEDD66009E43AE /* Driver */,
				2B7C3AE32CACB42300C62BC3 /* MapViewModel.swift */,
				2B7C3AE52CAD5F8300C62BC3 /* ChatViewModel.swift */,
				2BD880872CC7FC7B00629991 /* RegistrationViewModel.swift */,
				2BD880892CC7FCAC00629991 /* LoginViewModel.swift */,
			);
			path = ViewModels;
			sourceTree = "<group>";
		};
		2B7E985C2CD284C8007255CE /* Profile */ = {
			isa = PBXGroup;
			children = (
				2B7E985D2CD284D4007255CE /* ProfileView.swift */,
			);
			path = Profile;
			sourceTree = "<group>";
		};
		2BA0FB982C4A8DDF00FE6368 = {
			isa = PBXGroup;
			children = (
				2BA0FBA32C4A8DDF00FE6368 /* Logify */,
				2BA0FBA22C4A8DDF00FE6368 /* Products */,
			);
			sourceTree = "<group>";
		};
		2BA0FBA22C4A8DDF00FE6368 /* Products */ = {
			isa = PBXGroup;
			children = (
				2BA0FBA12C4A8DDF00FE6368 /* Logify.app */,
			);
			name = Products;
			sourceTree = "<group>";
		};
		2BA0FBA32C4A8DDF00FE6368 /* Logify */ = {
			isa = PBXGroup;
			children = (
				2B7C3ADE2CACA4BC00C62BC3 /* ViewModels */,
				2B6AABC32C8A1E61006B968A /* Managers */,
				2BAFED0C2C526ECE0041AF88 /* UI */,
				2BAFED032C526A810041AF88 /* Models */,
				2BA0FBA42C4A8DDF00FE6368 /* LogifyApp.swift */,
				2BA0FBA82C4A8DE100FE6368 /* Assets.xcassets */,
				2BA0FBAA2C4A8DE100FE6368 /* Preview Content */,
				2BD8809A2CCA9E1400629991 /* TextFieldValidator.swift */,
			);
			path = Logify;
			sourceTree = "<group>";
		};
		2BA0FBAA2C4A8DE100FE6368 /* Preview Content */ = {
			isa = PBXGroup;
			children = (
				2BA0FBAB2C4A8DE100FE6368 /* Preview Assets.xcassets */,
			);
			path = "Preview Content";
			sourceTree = "<group>";
		};
		2BAFED032C526A810041AF88 /* Models */ = {
			isa = PBXGroup;
			children = (
				2BAFED042C526A900041AF88 /* User.swift */,
				2B0C500F2CA43CDA003FEFE3 /* Employer.swift */,
				2BAFED192C555E880041AF88 /* Driver.swift */,
				2B2442792CAF1B62009E43AE /* Car.swift */,
				2B6AABB92C84D822006B968A /* Cargo.swift */,
				2B6AABBB2C84D8A9006B968A /* Point.swift */,
				2B0C50152CA6008C003FEFE3 /* Chat.swift */,
				2B03B9792C95FE7300DF48C1 /* Message.swift */,
				2BD880932CC7FE8700629991 /* Role.swift */,
			);
			path = Models;
			sourceTree = "<group>";
		};
		2BAFED0C2C526ECE0041AF88 /* UI */ = {
			isa = PBXGroup;
			children = (
				2B7E985C2CD284C8007255CE /* Profile */,
				2BD880822CC7F93E00629991 /* Authentication */,
				2B24425A2CAEE2D5009E43AE /* EmployerSide */,
				2B2442562CAEDD2F009E43AE /* DriverSide */,
				2BAFED0D2C526EDE0041AF88 /* Components */,
			);
			path = UI;
			sourceTree = "<group>";
		};
		2BAFED0D2C526EDE0041AF88 /* Components */ = {
			isa = PBXGroup;
			children = (
				2B0C50112CA4BAA0003FEFE3 /* UserDataCell.swift */,
				2B6AABB32C7FC12D006B968A /* SectionHeader.swift */,
				2B6AABBD2C864A18006B968A /* ButtonStyleModifier.swift */,
				2B03B9812C99ABDF00DF48C1 /* TabViewButton.swift */,
				2B2442622CAEE471009E43AE /* TabViewPanel.swift */,
				2B24428B2CB02D66009E43AE /* PointRow.swift */,
				2B24429D2CB95EC5009E43AE /* ListDetailRow.swift */,
				2B03B97D2C971D1A00DF48C1 /* MessageField.swift */,
				2B03B9772C95FE1200DF48C1 /* MessageBubble.swift */,
				2BD880A52CCC2E1E00629991 /* ActionNotificationView.swift */,
				2B7E985A2CD18E1E007255CE /* HUD.swift */,
			);
			path = Components;
			sourceTree = "<group>";
		};
		2BD880822CC7F93E00629991 /* Authentication */ = {
			isa = PBXGroup;
			children = (
				2BD880952CC7FF3C00629991 /* Components */,
				2BD8808B2CC7FDD800629991 /* AuthenticationView.swift */,
				2BD880832CC7FC5700629991 /* LoginView.swift */,
				2BD880852CC7FC6700629991 /* RegistrationView.swift */,
			);
			path = Authentication;
			sourceTree = "<group>";
		};
		2BD880952CC7FF3C00629991 /* Components */ = {
			isa = PBXGroup;
			children = (
				2BD8808D2CC7FDF400629991 /* CustomTextField.swift */,
				2BD8808F2CC7FE0400629991 /* LogoLabel.swift */,
				2BD880962CC8FD2B00629991 /* CustomRolePicker.swift */,
				2BD8809E2CCAEAA600629991 /* CustomSecureField.swift */,
			);
			path = Components;
			sourceTree = "<group>";
		};
		2BD880A02CCC0F5A00629991 /* Employer */ = {
			isa = PBXGroup;
			children = (
				2BD880A12CCC0F8C00629991 /* DriverEmployerView.swift */,
				2BD880A32CCC26CA00629991 /* EmployerRequestDetailsView.swift */,
				2BD880A92CCD8E3300629991 /* EmployerRequestButtons.swift */,
			);
			path = Employer;
			sourceTree = "<group>";
		};
/* End PBXGroup section */

/* Begin PBXNativeTarget section */
		2BA0FBA02C4A8DDF00FE6368 /* Logify */ = {
			isa = PBXNativeTarget;
			buildConfigurationList = 2BA0FBAF2C4A8DE100FE6368 /* Build configuration list for PBXNativeTarget "Logify" */;
			buildPhases = (
				2BA0FB9D2C4A8DDF00FE6368 /* Sources */,
				2BA0FB9E2C4A8DDF00FE6368 /* Frameworks */,
				2BA0FB9F2C4A8DDF00FE6368 /* Resources */,
			);
			buildRules = (
			);
			dependencies = (
			);
			name = Logify;
			productName = Logify;
			productReference = 2BA0FBA12C4A8DDF00FE6368 /* Logify.app */;
			productType = "com.apple.product-type.application";
		};
/* End PBXNativeTarget section */

/* Begin PBXProject section */
		2BA0FB992C4A8DDF00FE6368 /* Project object */ = {
			isa = PBXProject;
			attributes = {
				BuildIndependentTargetsInParallel = 1;
				LastSwiftUpdateCheck = 1540;
				LastUpgradeCheck = 1540;
				TargetAttributes = {
					2BA0FBA02C4A8DDF00FE6368 = {
						CreatedOnToolsVersion = 15.4;
					};
				};
			};
			buildConfigurationList = 2BA0FB9C2C4A8DDF00FE6368 /* Build configuration list for PBXProject "Logify" */;
			compatibilityVersion = "Xcode 14.0";
			developmentRegion = en;
			hasScannedForEncodings = 0;
			knownRegions = (
				en,
				Base,
			);
			mainGroup = 2BA0FB982C4A8DDF00FE6368;
			productRefGroup = 2BA0FBA22C4A8DDF00FE6368 /* Products */;
			projectDirPath = "";
			projectRoot = "";
			targets = (
				2BA0FBA02C4A8DDF00FE6368 /* Logify */,
			);
		};
/* End PBXProject section */

/* Begin PBXResourcesBuildPhase section */
		2BA0FB9F2C4A8DDF00FE6368 /* Resources */ = {
			isa = PBXResourcesBuildPhase;
			buildActionMask = 2147483647;
			files = (
				2BA0FBAC2C4A8DE100FE6368 /* Preview Assets.xcassets in Resources */,
				2BA0FBA92C4A8DE100FE6368 /* Assets.xcassets in Resources */,
			);
			runOnlyForDeploymentPostprocessing = 0;
		};
/* End PBXResourcesBuildPhase section */

/* Begin PBXSourcesBuildPhase section */
		2BA0FB9D2C4A8DDF00FE6368 /* Sources */ = {
			isa = PBXSourcesBuildPhase;
			buildActionMask = 2147483647;
			files = (
				2B7C3AE42CACB42300C62BC3 /* MapViewModel.swift in Sources */,
				2BD880882CC7FC7B00629991 /* RegistrationViewModel.swift in Sources */,
				2BA0FBA72C4A8DDF00FE6368 /* DriverMainView.swift in Sources */,
				2BD880A22CCC0F8C00629991 /* DriverEmployerView.swift in Sources */,
				2B7E98DF2CD7DC6C007255CE /* SegmentedPickerExample.swift in Sources */,
				2B0C50122CA4BAA0003FEFE3 /* UserDataCell.swift in Sources */,
				2B2442612CAEE41D009E43AE /* EmployerTabView.swift in Sources */,
				2BA0FBA52C4A8DDF00FE6368 /* LogifyApp.swift in Sources */,
				2B2442882CAFE0A2009E43AE /* NewPointMapView.swift in Sources */,
				2B24428C2CB02D66009E43AE /* PointRow.swift in Sources */,
				2BD880A42CCC26CA00629991 /* EmployerRequestDetailsView.swift in Sources */,
				2B6AABBE2C864A18006B968A /* ButtonStyleModifier.swift in Sources */,
				2B24426C2CAF0004009E43AE /* EmployerCargoListViewModel.swift in Sources */,
				2BD880AA2CCD8E3300629991 /* EmployerRequestButtons.swift in Sources */,
				2B7C3AE02CACA4D700C62BC3 /* CargoListViewModel.swift in Sources */,
				2BD880902CC7FE0400629991 /* LogoLabel.swift in Sources */,
				2B2442AD2CBFD97E009E43AE /* EmployerChatView.swift in Sources */,
				2B2442682CAEF40F009E43AE /* EmployerProfileViewModel.swift in Sources */,
				2B7C3AE62CAD5F8300C62BC3 /* ChatViewModel.swift in Sources */,
				2B2442802CAF3C65009E43AE /* CarDetailsCell.swift in Sources */,
				2B6AABC52C8B4423006B968A /* CargoDocumentsView.swift in Sources */,
				2B2442782CAF199D009E43AE /* NewCargoViewModel.swift in Sources */,
				2B7E985B2CD18E1E007255CE /* HUD.swift in Sources */,
				2B24426E2CAF039B009E43AE /* EmployerCargoDetailsView.swift in Sources */,
				2B2442632CAEE471009E43AE /* TabViewPanel.swift in Sources */,
				2BD8809F2CCAEAA600629991 /* CustomSecureField.swift in Sources */,
				2B24425C2CAEE31D009E43AE /* EmployerMainView.swift in Sources */,
				2B0C50102CA43CDA003FEFE3 /* Employer.swift in Sources */,
				2B2442822CAF4643009E43AE /* RouteEditingView.swift in Sources */,
				2BD8808A2CC7FCAC00629991 /* LoginViewModel.swift in Sources */,
				2BD8809B2CCA9E1400629991 /* TextFieldValidator.swift in Sources */,
				2BD8808C2CC7FDD800629991 /* AuthenticationView.swift in Sources */,
				2BAFED142C52D69D0041AF88 /* DriverTabView.swift in Sources */,
				2BD880942CC7FE8700629991 /* Role.swift in Sources */,
				2B2442A72CBD33DC009E43AE /* EmployerChatsListView.swift in Sources */,
				2B24427A2CAF1B62009E43AE /* Car.swift in Sources */,
				2B03B9782C95FE1200DF48C1 /* MessageBubble.swift in Sources */,
				2BD880862CC7FC6700629991 /* RegistrationView.swift in Sources */,
				2B7C3AE82CAD695B00C62BC3 /* ProfileViewModel.swift in Sources */,
				2B2442862CAFD7BF009E43AE /* NewPointView.swift in Sources */,
				2B6AABBC2C84D8A9006B968A /* Point.swift in Sources */,
				2B2442A02CB9C172009E43AE /* SearchDriverView.swift in Sources */,
				2B7E98DD2CD7D945007255CE /* CarsListView.swift in Sources */,
				2BD880842CC7FC5700629991 /* LoginView.swift in Sources */,
				2B24429E2CB95EC5009E43AE /* ListDetailRow.swift in Sources */,
				2B7E98E32CD7E9F5007255CE /* CarsListViewModel.swift in Sources */,
				2B08DC802C77D263003F49D0 /* CargoDetailsView.swift in Sources */,
				2B0C50162CA6008C003FEFE3 /* Chat.swift in Sources */,
				2B2442AB2CBD392B009E43AE /* ChatDetailsRow.swift in Sources */,
				2B24426A2CAEFCE4009E43AE /* EmployerCargoListView.swift in Sources */,
				2B6AABC02C875A84006B968A /* MapView.swift in Sources */,
				2B6AABBA2C84D822006B968A /* Cargo.swift in Sources */,
				2BD880A62CCC2E1E00629991 /* ActionNotificationView.swift in Sources */,
				2BD880A82CCC31C300629991 /* EmployersViewModel.swift in Sources */,
				2BAFED0B2C526E760041AF88 /* DriverChatView.swift in Sources */,
				2B24428A2CB007FA009E43AE /* NewCargoView.swift in Sources */,
				2BAFED1A2C555E880041AF88 /* Driver.swift in Sources */,
				2B7E985E2CD284D4007255CE /* ProfileView.swift in Sources */,
				2B2442762CAF18CE009E43AE /* DriverSelectionView.swift in Sources */,
				2B24429A2CB951E8009E43AE /* EmployerDriversListViewModel.swift in Sources */,
				2B24429C2CB95CB6009E43AE /* DriverDetailsView.swift in Sources */,
				2B03B97A2C95FE7300DF48C1 /* Message.swift in Sources */,
				2B24427C2CAF297A009E43AE /* DriverDetailsCell.swift in Sources */,
				2B7E98E12CD7E4AF007255CE /* ViewPicker.swift in Sources */,
				2B03B9822C99ABDF00DF48C1 /* TabViewButton.swift in Sources */,
				2BAFED092C526E5E0041AF88 /* DriverCargoListView.swift in Sources */,
				2B2442722CAF0506009E43AE /* EmployerCargoViewModel.swift in Sources */,
				2BD880972CC8FD2B00629991 /* CustomRolePicker.swift in Sources */,
				2B03B97E2C971D1A00DF48C1 /* MessageField.swift in Sources */,
				2B2442902CB0A701009E43AE /* DriverDetailsRow.swift in Sources */,
				2B2442982CB95153009E43AE /* EmployerDriversListView.swift in Sources */,
				2B24427E2CAF3462009E43AE /* CarSelectionView.swift in Sources */,
				2B7C3AE22CACA9BA00C62BC3 /* CargoViewModel.swift in Sources */,
				2B2442A92CBD3805009E43AE /* EmployerChatsListViewModel.swift in Sources */,
				2B2442702CAF0447009E43AE /* EmployerCargoDocumentsView.swift in Sources */,
				2B2442922CB1EEF2009E43AE /* CarDetailsRow.swift in Sources */,
				2B6AABB42C7FC12D006B968A /* SectionHeader.swift in Sources */,
				2BD8808E2CC7FDF400629991 /* CustomTextField.swift in Sources */,
				2B2442A22CBC392E009E43AE /* NewDriverCell.swift in Sources */,
				2B74F3A02C73DD5100C8B0CD /* CargoCell.swift in Sources */,
				2BAFED1C2C55619D0041AF88 /* DriverManager.swift in Sources */,
				2B2442A42CBC3C26009E43AE /* NewDriverDetailsView.swift in Sources */,
				2BAFED052C526A900041AF88 /* User.swift in Sources */,
			);
			runOnlyForDeploymentPostprocessing = 0;
		};
/* End PBXSourcesBuildPhase section */

/* Begin XCBuildConfiguration section */
		2BA0FBAD2C4A8DE100FE6368 /* Debug */ = {
			isa = XCBuildConfiguration;
			buildSettings = {
				ALWAYS_SEARCH_USER_PATHS = NO;
				ASSETCATALOG_COMPILER_GENERATE_SWIFT_ASSET_SYMBOL_EXTENSIONS = YES;
				CLANG_ANALYZER_NONNULL = YES;
				CLANG_ANALYZER_NUMBER_OBJECT_CONVERSION = YES_AGGRESSIVE;
				CLANG_CXX_LANGUAGE_STANDARD = "gnu++20";
				CLANG_ENABLE_MODULES = YES;
				CLANG_ENABLE_OBJC_ARC = YES;
				CLANG_ENABLE_OBJC_WEAK = YES;
				CLANG_WARN_BLOCK_CAPTURE_AUTORELEASING = YES;
				CLANG_WARN_BOOL_CONVERSION = YES;
				CLANG_WARN_COMMA = YES;
				CLANG_WARN_CONSTANT_CONVERSION = YES;
				CLANG_WARN_DEPRECATED_OBJC_IMPLEMENTATIONS = YES;
				CLANG_WARN_DIRECT_OBJC_ISA_USAGE = YES_ERROR;
				CLANG_WARN_DOCUMENTATION_COMMENTS = YES;
				CLANG_WARN_EMPTY_BODY = YES;
				CLANG_WARN_ENUM_CONVERSION = YES;
				CLANG_WARN_INFINITE_RECURSION = YES;
				CLANG_WARN_INT_CONVERSION = YES;
				CLANG_WARN_NON_LITERAL_NULL_CONVERSION = YES;
				CLANG_WARN_OBJC_IMPLICIT_RETAIN_SELF = YES;
				CLANG_WARN_OBJC_LITERAL_CONVERSION = YES;
				CLANG_WARN_OBJC_ROOT_CLASS = YES_ERROR;
				CLANG_WARN_QUOTED_INCLUDE_IN_FRAMEWORK_HEADER = YES;
				CLANG_WARN_RANGE_LOOP_ANALYSIS = YES;
				CLANG_WARN_STRICT_PROTOTYPES = YES;
				CLANG_WARN_SUSPICIOUS_MOVE = YES;
				CLANG_WARN_UNGUARDED_AVAILABILITY = YES_AGGRESSIVE;
				CLANG_WARN_UNREACHABLE_CODE = YES;
				CLANG_WARN__DUPLICATE_METHOD_MATCH = YES;
				COPY_PHASE_STRIP = NO;
				DEBUG_INFORMATION_FORMAT = dwarf;
				ENABLE_STRICT_OBJC_MSGSEND = YES;
				ENABLE_TESTABILITY = YES;
				ENABLE_USER_SCRIPT_SANDBOXING = YES;
				GCC_C_LANGUAGE_STANDARD = gnu17;
				GCC_DYNAMIC_NO_PIC = NO;
				GCC_NO_COMMON_BLOCKS = YES;
				GCC_OPTIMIZATION_LEVEL = 0;
				GCC_PREPROCESSOR_DEFINITIONS = (
					"DEBUG=1",
					"$(inherited)",
				);
				GCC_WARN_64_TO_32_BIT_CONVERSION = YES;
				GCC_WARN_ABOUT_RETURN_TYPE = YES_ERROR;
				GCC_WARN_UNDECLARED_SELECTOR = YES;
				GCC_WARN_UNINITIALIZED_AUTOS = YES_AGGRESSIVE;
				GCC_WARN_UNUSED_FUNCTION = YES;
				GCC_WARN_UNUSED_VARIABLE = YES;
				IPHONEOS_DEPLOYMENT_TARGET = 17.5;
				LOCALIZATION_PREFERS_STRING_CATALOGS = YES;
				MTL_ENABLE_DEBUG_INFO = INCLUDE_SOURCE;
				MTL_FAST_MATH = YES;
				ONLY_ACTIVE_ARCH = YES;
				SDKROOT = iphoneos;
				SWIFT_ACTIVE_COMPILATION_CONDITIONS = "DEBUG $(inherited)";
				SWIFT_OPTIMIZATION_LEVEL = "-Onone";
			};
			name = Debug;
		};
		2BA0FBAE2C4A8DE100FE6368 /* Release */ = {
			isa = XCBuildConfiguration;
			buildSettings = {
				ALWAYS_SEARCH_USER_PATHS = NO;
				ASSETCATALOG_COMPILER_GENERATE_SWIFT_ASSET_SYMBOL_EXTENSIONS = YES;
				CLANG_ANALYZER_NONNULL = YES;
				CLANG_ANALYZER_NUMBER_OBJECT_CONVERSION = YES_AGGRESSIVE;
				CLANG_CXX_LANGUAGE_STANDARD = "gnu++20";
				CLANG_ENABLE_MODULES = YES;
				CLANG_ENABLE_OBJC_ARC = YES;
				CLANG_ENABLE_OBJC_WEAK = YES;
				CLANG_WARN_BLOCK_CAPTURE_AUTORELEASING = YES;
				CLANG_WARN_BOOL_CONVERSION = YES;
				CLANG_WARN_COMMA = YES;
				CLANG_WARN_CONSTANT_CONVERSION = YES;
				CLANG_WARN_DEPRECATED_OBJC_IMPLEMENTATIONS = YES;
				CLANG_WARN_DIRECT_OBJC_ISA_USAGE = YES_ERROR;
				CLANG_WARN_DOCUMENTATION_COMMENTS = YES;
				CLANG_WARN_EMPTY_BODY = YES;
				CLANG_WARN_ENUM_CONVERSION = YES;
				CLANG_WARN_INFINITE_RECURSION = YES;
				CLANG_WARN_INT_CONVERSION = YES;
				CLANG_WARN_NON_LITERAL_NULL_CONVERSION = YES;
				CLANG_WARN_OBJC_IMPLICIT_RETAIN_SELF = YES;
				CLANG_WARN_OBJC_LITERAL_CONVERSION = YES;
				CLANG_WARN_OBJC_ROOT_CLASS = YES_ERROR;
				CLANG_WARN_QUOTED_INCLUDE_IN_FRAMEWORK_HEADER = YES;
				CLANG_WARN_RANGE_LOOP_ANALYSIS = YES;
				CLANG_WARN_STRICT_PROTOTYPES = YES;
				CLANG_WARN_SUSPICIOUS_MOVE = YES;
				CLANG_WARN_UNGUARDED_AVAILABILITY = YES_AGGRESSIVE;
				CLANG_WARN_UNREACHABLE_CODE = YES;
				CLANG_WARN__DUPLICATE_METHOD_MATCH = YES;
				COPY_PHASE_STRIP = NO;
				DEBUG_INFORMATION_FORMAT = "dwarf-with-dsym";
				ENABLE_NS_ASSERTIONS = NO;
				ENABLE_STRICT_OBJC_MSGSEND = YES;
				ENABLE_USER_SCRIPT_SANDBOXING = YES;
				GCC_C_LANGUAGE_STANDARD = gnu17;
				GCC_NO_COMMON_BLOCKS = YES;
				GCC_WARN_64_TO_32_BIT_CONVERSION = YES;
				GCC_WARN_ABOUT_RETURN_TYPE = YES_ERROR;
				GCC_WARN_UNDECLARED_SELECTOR = YES;
				GCC_WARN_UNINITIALIZED_AUTOS = YES_AGGRESSIVE;
				GCC_WARN_UNUSED_FUNCTION = YES;
				GCC_WARN_UNUSED_VARIABLE = YES;
				IPHONEOS_DEPLOYMENT_TARGET = 17.5;
				LOCALIZATION_PREFERS_STRING_CATALOGS = YES;
				MTL_ENABLE_DEBUG_INFO = NO;
				MTL_FAST_MATH = YES;
				SDKROOT = iphoneos;
				SWIFT_COMPILATION_MODE = wholemodule;
				VALIDATE_PRODUCT = YES;
			};
			name = Release;
		};
		2BA0FBB02C4A8DE100FE6368 /* Debug */ = {
			isa = XCBuildConfiguration;
			buildSettings = {
				ASSETCATALOG_COMPILER_APPICON_NAME = AppIcon;
				ASSETCATALOG_COMPILER_GLOBAL_ACCENT_COLOR_NAME = AccentColor;
				CODE_SIGN_STYLE = Automatic;
				CURRENT_PROJECT_VERSION = 1;
				DEVELOPMENT_ASSET_PATHS = "\"Logify/Preview Content\"";
				ENABLE_PREVIEWS = YES;
				GENERATE_INFOPLIST_FILE = YES;
				INFOPLIST_KEY_UIApplicationSceneManifest_Generation = YES;
				INFOPLIST_KEY_UIApplicationSupportsIndirectInputEvents = YES;
				INFOPLIST_KEY_UILaunchScreen_Generation = YES;
				INFOPLIST_KEY_UISupportedInterfaceOrientations_iPad = "UIInterfaceOrientationPortrait UIInterfaceOrientationPortraitUpsideDown UIInterfaceOrientationLandscapeLeft UIInterfaceOrientationLandscapeRight";
				INFOPLIST_KEY_UISupportedInterfaceOrientations_iPhone = "UIInterfaceOrientationPortrait UIInterfaceOrientationLandscapeLeft UIInterfaceOrientationLandscapeRight";
				LD_RUNPATH_SEARCH_PATHS = (
					"$(inherited)",
					"@executable_path/Frameworks",
				);
				MARKETING_VERSION = 1.0;
				PRODUCT_BUNDLE_IDENTIFIER = "-2.Logify";
				PRODUCT_NAME = "$(TARGET_NAME)";
				SWIFT_EMIT_LOC_STRINGS = YES;
				SWIFT_VERSION = 5.0;
				TARGETED_DEVICE_FAMILY = "1,2";
			};
			name = Debug;
		};
		2BA0FBB12C4A8DE100FE6368 /* Release */ = {
			isa = XCBuildConfiguration;
			buildSettings = {
				ASSETCATALOG_COMPILER_APPICON_NAME = AppIcon;
				ASSETCATALOG_COMPILER_GLOBAL_ACCENT_COLOR_NAME = AccentColor;
				CODE_SIGN_STYLE = Automatic;
				CURRENT_PROJECT_VERSION = 1;
				DEVELOPMENT_ASSET_PATHS = "\"Logify/Preview Content\"";
				ENABLE_PREVIEWS = YES;
				GENERATE_INFOPLIST_FILE = YES;
				INFOPLIST_KEY_UIApplicationSceneManifest_Generation = YES;
				INFOPLIST_KEY_UIApplicationSupportsIndirectInputEvents = YES;
				INFOPLIST_KEY_UILaunchScreen_Generation = YES;
				INFOPLIST_KEY_UISupportedInterfaceOrientations_iPad = "UIInterfaceOrientationPortrait UIInterfaceOrientationPortraitUpsideDown UIInterfaceOrientationLandscapeLeft UIInterfaceOrientationLandscapeRight";
				INFOPLIST_KEY_UISupportedInterfaceOrientations_iPhone = "UIInterfaceOrientationPortrait UIInterfaceOrientationLandscapeLeft UIInterfaceOrientationLandscapeRight";
				LD_RUNPATH_SEARCH_PATHS = (
					"$(inherited)",
					"@executable_path/Frameworks",
				);
				MARKETING_VERSION = 1.0;
				PRODUCT_BUNDLE_IDENTIFIER = "-2.Logify";
				PRODUCT_NAME = "$(TARGET_NAME)";
				SWIFT_EMIT_LOC_STRINGS = YES;
				SWIFT_VERSION = 5.0;
				TARGETED_DEVICE_FAMILY = "1,2";
			};
			name = Release;
		};
/* End XCBuildConfiguration section */

/* Begin XCConfigurationList section */
		2BA0FB9C2C4A8DDF00FE6368 /* Build configuration list for PBXProject "Logify" */ = {
			isa = XCConfigurationList;
			buildConfigurations = (
				2BA0FBAD2C4A8DE100FE6368 /* Debug */,
				2BA0FBAE2C4A8DE100FE6368 /* Release */,
			);
			defaultConfigurationIsVisible = 0;
			defaultConfigurationName = Release;
		};
		2BA0FBAF2C4A8DE100FE6368 /* Build configuration list for PBXNativeTarget "Logify" */ = {
			isa = XCConfigurationList;
			buildConfigurations = (
				2BA0FBB02C4A8DE100FE6368 /* Debug */,
				2BA0FBB12C4A8DE100FE6368 /* Release */,
			);
			defaultConfigurationIsVisible = 0;
			defaultConfigurationName = Release;
		};
/* End XCConfigurationList section */
	};
	rootObject = 2BA0FB992C4A8DDF00FE6368 /* Project object */;
}
